// !$*UTF8*$!
{
	archiveVersion = 1;
	classes = {
	};
	objectVersion = 46;
	objects = {

/* Begin PBXBuildFile section */
		67B041361CF7DD0A0060E3C3 /* InitController.swift in Sources */ = {isa = PBXBuildFile; fileRef = 67B041351CF7DD0A0060E3C3 /* InitController.swift */; };
		67B041391CF7DE830060E3C3 /* InitMarkController.swift in Sources */ = {isa = PBXBuildFile; fileRef = 67B041381CF7DE830060E3C3 /* InitMarkController.swift */; };
		67B0413C1CF7E0130060E3C3 /* InitNilController.swift in Sources */ = {isa = PBXBuildFile; fileRef = 67B0413B1CF7E0130060E3C3 /* InitNilController.swift */; };
		67B0413F1CF7E2520060E3C3 /* ProtocolController.swift in Sources */ = {isa = PBXBuildFile; fileRef = 67B0413E1CF7E2520060E3C3 /* ProtocolController.swift */; };
		67B041421CF7E4E80060E3C3 /* StaticClassController.swift in Sources */ = {isa = PBXBuildFile; fileRef = 67B041411CF7E4E80060E3C3 /* StaticClassController.swift */; };
		67B041451CF7E68B0060E3C3 /* ObjcController.swift in Sources */ = {isa = PBXBuildFile; fileRef = 67B041441CF7E68B0060E3C3 /* ObjcController.swift */; };
		67BDDEE11CF6D23400E6808F /* NameSpaceController.swift in Sources */ = {isa = PBXBuildFile; fileRef = 67BDDEE01CF6D23400E6808F /* NameSpaceController.swift */; };
		67BDDEE41CF6D4E600E6808F /* ShareManagerController.swift in Sources */ = {isa = PBXBuildFile; fileRef = 67BDDEE31CF6D4E600E6808F /* ShareManagerController.swift */; };
		67BDDEE71CF6D8CF00E6808F /* AnyController.swift in Sources */ = {isa = PBXBuildFile; fileRef = 67BDDEE61CF6D8CF00E6808F /* AnyController.swift */; };
		67BDDEEA1CF6DC8400E6808F /* RandomController.swift in Sources */ = {isa = PBXBuildFile; fileRef = 67BDDEE91CF6DC8400E6808F /* RandomController.swift */; };
		67BDDEED1CF6DEA300E6808F /* TypealiasController.swift in Sources */ = {isa = PBXBuildFile; fileRef = 67BDDEEC1CF6DEA300E6808F /* TypealiasController.swift */; };
		67BDDEF01CF6E22E00E6808F /* ConditionController.swift in Sources */ = {isa = PBXBuildFile; fileRef = 67BDDEEF1CF6E22E00E6808F /* ConditionController.swift */; };
		67BDDEF31CF6E88B00E6808F /* MarkController.swift in Sources */ = {isa = PBXBuildFile; fileRef = 67BDDEF21CF6E88B00E6808F /* MarkController.swift */; };
		67BDDEF61CF6E9C800E6808F /* MutableController.swift in Sources */ = {isa = PBXBuildFile; fileRef = 67BDDEF51CF6E9C800E6808F /* MutableController.swift */; };
		67BDDEF91CF6F61600E6808F /* UIApplicationController.swift in Sources */ = {isa = PBXBuildFile; fileRef = 67BDDEF81CF6F61600E6808F /* UIApplicationController.swift */; };
		67DBE2041CFBCDCE003A26A6 /* AutoreleasepoolController.swift in Sources */ = {isa = PBXBuildFile; fileRef = 67DBE2031CFBCDCE003A26A6 /* AutoreleasepoolController.swift */; };
		67DBE2071CFBCFBD003A26A6 /* DefaultController.swift in Sources */ = {isa = PBXBuildFile; fileRef = 67DBE2061CFBCFBD003A26A6 /* DefaultController.swift */; };
		67DBE20A1CFBD217003A26A6 /* RegularController.swift in Sources */ = {isa = PBXBuildFile; fileRef = 67DBE2091CFBD217003A26A6 /* RegularController.swift */; };
		67DBE20D1CFBD51A003A26A6 /* MateController.swift in Sources */ = {isa = PBXBuildFile; fileRef = 67DBE20C1CFBD51A003A26A6 /* MateController.swift */; };
		67DBE2101CFBD90C003A26A6 /* TypeController.swift in Sources */ = {isa = PBXBuildFile; fileRef = 67DBE20F1CFBD90C003A26A6 /* TypeController.swift */; };
		67DBE2131CFBDB15003A26A6 /* FoundationController.swift in Sources */ = {isa = PBXBuildFile; fileRef = 67DBE2121CFBDB15003A26A6 /* FoundationController.swift */; };
		67DBE2161CFBDD8C003A26A6 /* StringController.swift in Sources */ = {isa = PBXBuildFile; fileRef = 67DBE2151CFBDD8C003A26A6 /* StringController.swift */; };
		67DBE2191CFBE001003A26A6 /* UnsafePointerController.swift in Sources */ = {isa = PBXBuildFile; fileRef = 67DBE2181CFBE000003A26A6 /* UnsafePointerController.swift */; };
		67DBE21C1CFBE2FE003A26A6 /* CController.swift in Sources */ = {isa = PBXBuildFile; fileRef = 67DBE21B1CFBE2FE003A26A6 /* CController.swift */; };
		67DBE21F1CFBE52D003A26A6 /* COpaquePointerCconventionController.swift in Sources */ = {isa = PBXBuildFile; fileRef = 67DBE21E1CFBE52D003A26A6 /* COpaquePointerCconventionController.swift */; };
		67DBE2221CFBE76B003A26A6 /* GCDController.swift in Sources */ = {isa = PBXBuildFile; fileRef = 67DBE2211CFBE76B003A26A6 /* GCDController.swift */; };
		67DBE2251CFBE9EF003A26A6 /* RangeController.swift in Sources */ = {isa = PBXBuildFile; fileRef = 67DBE2241CFBE9EF003A26A6 /* RangeController.swift */; };
		67DBE2281CFBECCC003A26A6 /* GetSelfController.swift in Sources */ = {isa = PBXBuildFile; fileRef = 67DBE2271CFBECCC003A26A6 /* GetSelfController.swift */; };
		67DBE22B1CFBEFC6003A26A6 /* AnyClassController.swift in Sources */ = {isa = PBXBuildFile; fileRef = 67DBE22A1CFBEFC6003A26A6 /* AnyClassController.swift */; };
		67DBE22E1CFC141A003A26A6 /* SelftInterfaceController.swift in Sources */ = {isa = PBXBuildFile; fileRef = 67DBE22D1CFC141A003A26A6 /* SelftInterfaceController.swift */; };
		67DBE2311CFC16E4003A26A6 /* IntrospectionController.swift in Sources */ = {isa = PBXBuildFile; fileRef = 67DBE2301CFC16E4003A26A6 /* IntrospectionController.swift */; };
		67DBE2341CFC1950003A26A6 /* CastingController.swift in Sources */ = {isa = PBXBuildFile; fileRef = 67DBE2331CFC1950003A26A6 /* CastingController.swift */; };
		67DBE2371CFC1AF3003A26A6 /* DynamicTypeController.swift in Sources */ = {isa = PBXBuildFile; fileRef = 67DBE2361CFC1AF3003A26A6 /* DynamicTypeController.swift */; };
		67DBE23A1CFC1D49003A26A6 /* ObserversController.swift in Sources */ = {isa = PBXBuildFile; fileRef = 67DBE2391CFC1D49003A26A6 /* ObserversController.swift */; };
		67FF5E281CF7F07F00AAF03B /* OptionalController.swift in Sources */ = {isa = PBXBuildFile; fileRef = 67FF5E271CF7F07F00AAF03B /* OptionalController.swift */; };
		67FF5E2B1CF7F27400AAF03B /* ElementController.swift in Sources */ = {isa = PBXBuildFile; fileRef = 67FF5E2A1CF7F27400AAF03B /* ElementController.swift */; };
		67FF5E2E1CF7F3D500AAF03B /* WeakController.swift in Sources */ = {isa = PBXBuildFile; fileRef = 67FF5E2D1CF7F3D500AAF03B /* WeakController.swift */; };
		7725FE5E1CF6CC11003001C4 /* FunctionController.swift in Sources */ = {isa = PBXBuildFile; fileRef = 7725FE5D1CF6CC11003001C4 /* FunctionController.swift */; };
		7752A9D01CF588B1003B52BA /* AppDelegate.swift in Sources */ = {isa = PBXBuildFile; fileRef = 7752A9CF1CF588B1003B52BA /* AppDelegate.swift */; };
		7752A9D21CF588B1003B52BA /* ViewController.swift in Sources */ = {isa = PBXBuildFile; fileRef = 7752A9D11CF588B1003B52BA /* ViewController.swift */; };
		7752A9D51CF588B1003B52BA /* Main.storyboard in Resources */ = {isa = PBXBuildFile; fileRef = 7752A9D31CF588B1003B52BA /* Main.storyboard */; };
		7752A9D81CF588B1003B52BA /* Swift100Tips.xcdatamodeld in Sources */ = {isa = PBXBuildFile; fileRef = 7752A9D61CF588B1003B52BA /* Swift100Tips.xcdatamodeld */; };
		7752A9DA1CF588B1003B52BA /* Assets.xcassets in Resources */ = {isa = PBXBuildFile; fileRef = 7752A9D91CF588B1003B52BA /* Assets.xcassets */; };
		7752A9DD1CF588B1003B52BA /* LaunchScreen.storyboard in Resources */ = {isa = PBXBuildFile; fileRef = 7752A9DB1CF588B1003B52BA /* LaunchScreen.storyboard */; };
		7752A9E81CF588B2003B52BA /* Swift100TipsTests.swift in Sources */ = {isa = PBXBuildFile; fileRef = 7752A9E71CF588B2003B52BA /* Swift100TipsTests.swift */; };
		7752A9F31CF588B2003B52BA /* Swift100TipsUITests.swift in Sources */ = {isa = PBXBuildFile; fileRef = 7752A9F21CF588B2003B52BA /* Swift100TipsUITests.swift */; };
		7752AA021CF58977003B52BA /* CurryingController.swift in Sources */ = {isa = PBXBuildFile; fileRef = 7752AA011CF58977003B52BA /* CurryingController.swift */; };
		7752AA051CF5908D003B52BA /* StructMutableController.swift in Sources */ = {isa = PBXBuildFile; fileRef = 7752AA041CF5908D003B52BA /* StructMutableController.swift */; };
		7752AA081CF591F0003B52BA /* ProtocolMutatingController.swift in Sources */ = {isa = PBXBuildFile; fileRef = 7752AA071CF591F0003B52BA /* ProtocolMutatingController.swift */; };
		7752AA0B1CF592FF003B52BA /* SelectorController.swift in Sources */ = {isa = PBXBuildFile; fileRef = 7752AA0A1CF592FF003B52BA /* SelectorController.swift */; };
		7752AA0E1CF595AA003B52BA /* SequenceController.swift in Sources */ = {isa = PBXBuildFile; fileRef = 7752AA0D1CF595AA003B52BA /* SequenceController.swift */; };
		7752AA111CF5978E003B52BA /* TupleController.swift in Sources */ = {isa = PBXBuildFile; fileRef = 7752AA101CF5978E003B52BA /* TupleController.swift */; };
		7752AA141CF59B0A003B52BA /* AutoclosureController.swift in Sources */ = {isa = PBXBuildFile; fileRef = 7752AA131CF59B0A003B52BA /* AutoclosureController.swift */; };
		7752AA171CF5A055003B52BA /* OptionalChainingController.swift in Sources */ = {isa = PBXBuildFile; fileRef = 7752AA161CF5A055003B52BA /* OptionalChainingController.swift */; };
		7752AA1A1CF5A3ED003B52BA /* CaozuoFuController.swift in Sources */ = {isa = PBXBuildFile; fileRef = 7752AA191CF5A3ED003B52BA /* CaozuoFuController.swift */; };
		777C30D61CF6898F0022B2DB /* FuncController.swift in Sources */ = {isa = PBXBuildFile; fileRef = 777C30D51CF6898F0022B2DB /* FuncController.swift */; };
		777C30D91CF68C1D0022B2DB /* FuncNamingController.swift in Sources */ = {isa = PBXBuildFile; fileRef = 777C30D81CF68C1D0022B2DB /* FuncNamingController.swift */; };
		777C30DC1CF68F920022B2DB /* REPL.swift in Sources */ = {isa = PBXBuildFile; fileRef = 777C30DB1CF68F920022B2DB /* REPL.swift */; };
		777C30DF1CF697640022B2DB /* ZiMianController.swift in Sources */ = {isa = PBXBuildFile; fileRef = 777C30DE1CF697640022B2DB /* ZiMianController.swift */; };
		777C30E21CF69DEC0022B2DB /* XiaBiaoController.swift in Sources */ = {isa = PBXBuildFile; fileRef = 777C30E11CF69DEC0022B2DB /* XiaBiaoController.swift */; };
/* End PBXBuildFile section */

/* Begin PBXContainerItemProxy section */
		7752A9E41CF588B2003B52BA /* PBXContainerItemProxy */ = {
			isa = PBXContainerItemProxy;
			containerPortal = 7752A9C41CF588B1003B52BA /* Project object */;
			proxyType = 1;
			remoteGlobalIDString = 7752A9CB1CF588B1003B52BA;
			remoteInfo = Swift100Tips;
		};
		7752A9EF1CF588B2003B52BA /* PBXContainerItemProxy */ = {
			isa = PBXContainerItemProxy;
			containerPortal = 7752A9C41CF588B1003B52BA /* Project object */;
			proxyType = 1;
			remoteGlobalIDString = 7752A9CB1CF588B1003B52BA;
			remoteInfo = Swift100Tips;
		};
/* End PBXContainerItemProxy section */

/* Begin PBXFileReference section */
		67B041351CF7DD0A0060E3C3 /* InitController.swift */ = {isa = PBXFileReference; fileEncoding = 4; lastKnownFileType = sourcecode.swift; path = InitController.swift; sourceTree = "<group>"; };
		67B041381CF7DE830060E3C3 /* InitMarkController.swift */ = {isa = PBXFileReference; fileEncoding = 4; lastKnownFileType = sourcecode.swift; path = InitMarkController.swift; sourceTree = "<group>"; };
		67B0413B1CF7E0130060E3C3 /* InitNilController.swift */ = {isa = PBXFileReference; fileEncoding = 4; lastKnownFileType = sourcecode.swift; path = InitNilController.swift; sourceTree = "<group>"; };
		67B0413E1CF7E2520060E3C3 /* ProtocolController.swift */ = {isa = PBXFileReference; fileEncoding = 4; lastKnownFileType = sourcecode.swift; path = ProtocolController.swift; sourceTree = "<group>"; };
		67B041411CF7E4E80060E3C3 /* StaticClassController.swift */ = {isa = PBXFileReference; fileEncoding = 4; lastKnownFileType = sourcecode.swift; path = StaticClassController.swift; sourceTree = "<group>"; };
		67B041441CF7E68B0060E3C3 /* ObjcController.swift */ = {isa = PBXFileReference; fileEncoding = 4; lastKnownFileType = sourcecode.swift; path = ObjcController.swift; sourceTree = "<group>"; };
		67BDDEE01CF6D23400E6808F /* NameSpaceController.swift */ = {isa = PBXFileReference; fileEncoding = 4; lastKnownFileType = sourcecode.swift; path = NameSpaceController.swift; sourceTree = "<group>"; };
		67BDDEE31CF6D4E600E6808F /* ShareManagerController.swift */ = {isa = PBXFileReference; fileEncoding = 4; lastKnownFileType = sourcecode.swift; path = ShareManagerController.swift; sourceTree = "<group>"; };
		67BDDEE61CF6D8CF00E6808F /* AnyController.swift */ = {isa = PBXFileReference; fileEncoding = 4; lastKnownFileType = sourcecode.swift; path = AnyController.swift; sourceTree = "<group>"; };
		67BDDEE91CF6DC8400E6808F /* RandomController.swift */ = {isa = PBXFileReference; fileEncoding = 4; lastKnownFileType = sourcecode.swift; path = RandomController.swift; sourceTree = "<group>"; };
		67BDDEEC1CF6DEA300E6808F /* TypealiasController.swift */ = {isa = PBXFileReference; fileEncoding = 4; lastKnownFileType = sourcecode.swift; path = TypealiasController.swift; sourceTree = "<group>"; };
		67BDDEEF1CF6E22E00E6808F /* ConditionController.swift */ = {isa = PBXFileReference; fileEncoding = 4; lastKnownFileType = sourcecode.swift; path = ConditionController.swift; sourceTree = "<group>"; };
		67BDDEF21CF6E88B00E6808F /* MarkController.swift */ = {isa = PBXFileReference; fileEncoding = 4; lastKnownFileType = sourcecode.swift; path = MarkController.swift; sourceTree = "<group>"; };
		67BDDEF51CF6E9C800E6808F /* MutableController.swift */ = {isa = PBXFileReference; fileEncoding = 4; lastKnownFileType = sourcecode.swift; path = MutableController.swift; sourceTree = "<group>"; };
		67BDDEF81CF6F61600E6808F /* UIApplicationController.swift */ = {isa = PBXFileReference; fileEncoding = 4; lastKnownFileType = sourcecode.swift; path = UIApplicationController.swift; sourceTree = "<group>"; };
		67DBE2031CFBCDCE003A26A6 /* AutoreleasepoolController.swift */ = {isa = PBXFileReference; fileEncoding = 4; lastKnownFileType = sourcecode.swift; path = AutoreleasepoolController.swift; sourceTree = "<group>"; };
		67DBE2061CFBCFBD003A26A6 /* DefaultController.swift */ = {isa = PBXFileReference; fileEncoding = 4; lastKnownFileType = sourcecode.swift; path = DefaultController.swift; sourceTree = "<group>"; };
		67DBE2091CFBD217003A26A6 /* RegularController.swift */ = {isa = PBXFileReference; fileEncoding = 4; lastKnownFileType = sourcecode.swift; path = RegularController.swift; sourceTree = "<group>"; };
		67DBE20C1CFBD51A003A26A6 /* MateController.swift */ = {isa = PBXFileReference; fileEncoding = 4; lastKnownFileType = sourcecode.swift; path = MateController.swift; sourceTree = "<group>"; };
		67DBE20F1CFBD90C003A26A6 /* TypeController.swift */ = {isa = PBXFileReference; fileEncoding = 4; lastKnownFileType = sourcecode.swift; path = TypeController.swift; sourceTree = "<group>"; };
		67DBE2121CFBDB15003A26A6 /* FoundationController.swift */ = {isa = PBXFileReference; fileEncoding = 4; lastKnownFileType = sourcecode.swift; path = FoundationController.swift; sourceTree = "<group>"; };
		67DBE2151CFBDD8C003A26A6 /* StringController.swift */ = {isa = PBXFileReference; fileEncoding = 4; lastKnownFileType = sourcecode.swift; path = StringController.swift; sourceTree = "<group>"; };
		67DBE2181CFBE000003A26A6 /* UnsafePointerController.swift */ = {isa = PBXFileReference; fileEncoding = 4; lastKnownFileType = sourcecode.swift; path = UnsafePointerController.swift; sourceTree = "<group>"; };
		67DBE21B1CFBE2FE003A26A6 /* CController.swift */ = {isa = PBXFileReference; fileEncoding = 4; lastKnownFileType = sourcecode.swift; path = CController.swift; sourceTree = "<group>"; };
		67DBE21E1CFBE52D003A26A6 /* COpaquePointerCconventionController.swift */ = {isa = PBXFileReference; fileEncoding = 4; lastKnownFileType = sourcecode.swift; path = COpaquePointerCconventionController.swift; sourceTree = "<group>"; };
		67DBE2211CFBE76B003A26A6 /* GCDController.swift */ = {isa = PBXFileReference; fileEncoding = 4; lastKnownFileType = sourcecode.swift; path = GCDController.swift; sourceTree = "<group>"; };
		67DBE2241CFBE9EF003A26A6 /* RangeController.swift */ = {isa = PBXFileReference; fileEncoding = 4; lastKnownFileType = sourcecode.swift; path = RangeController.swift; sourceTree = "<group>"; };
		67DBE2271CFBECCC003A26A6 /* GetSelfController.swift */ = {isa = PBXFileReference; fileEncoding = 4; lastKnownFileType = sourcecode.swift; path = GetSelfController.swift; sourceTree = "<group>"; };
		67DBE22A1CFBEFC6003A26A6 /* AnyClassController.swift */ = {isa = PBXFileReference; fileEncoding = 4; lastKnownFileType = sourcecode.swift; path = AnyClassController.swift; sourceTree = "<group>"; };
		67DBE22D1CFC141A003A26A6 /* SelftInterfaceController.swift */ = {isa = PBXFileReference; fileEncoding = 4; lastKnownFileType = sourcecode.swift; path = SelftInterfaceController.swift; sourceTree = "<group>"; };
		67DBE2301CFC16E4003A26A6 /* IntrospectionController.swift */ = {isa = PBXFileReference; fileEncoding = 4; lastKnownFileType = sourcecode.swift; path = IntrospectionController.swift; sourceTree = "<group>"; };
		67DBE2331CFC1950003A26A6 /* CastingController.swift */ = {isa = PBXFileReference; fileEncoding = 4; lastKnownFileType = sourcecode.swift; path = CastingController.swift; sourceTree = "<group>"; };
		67DBE2361CFC1AF3003A26A6 /* DynamicTypeController.swift */ = {isa = PBXFileReference; fileEncoding = 4; lastKnownFileType = sourcecode.swift; path = DynamicTypeController.swift; sourceTree = "<group>"; };
		67DBE2391CFC1D49003A26A6 /* ObserversController.swift */ = {isa = PBXFileReference; fileEncoding = 4; lastKnownFileType = sourcecode.swift; path = ObserversController.swift; sourceTree = "<group>"; };
		67FF5E271CF7F07F00AAF03B /* OptionalController.swift */ = {isa = PBXFileReference; fileEncoding = 4; lastKnownFileType = sourcecode.swift; path = OptionalController.swift; sourceTree = "<group>"; };
		67FF5E2A1CF7F27400AAF03B /* ElementController.swift */ = {isa = PBXFileReference; fileEncoding = 4; lastKnownFileType = sourcecode.swift; path = ElementController.swift; sourceTree = "<group>"; };
		67FF5E2D1CF7F3D500AAF03B /* WeakController.swift */ = {isa = PBXFileReference; fileEncoding = 4; lastKnownFileType = sourcecode.swift; path = WeakController.swift; sourceTree = "<group>"; };
		7725FE5D1CF6CC11003001C4 /* FunctionController.swift */ = {isa = PBXFileReference; fileEncoding = 4; lastKnownFileType = sourcecode.swift; path = FunctionController.swift; sourceTree = "<group>"; };
		7752A9CC1CF588B1003B52BA /* Swift100Tips.app */ = {isa = PBXFileReference; explicitFileType = wrapper.application; includeInIndex = 0; path = Swift100Tips.app; sourceTree = BUILT_PRODUCTS_DIR; };
		7752A9CF1CF588B1003B52BA /* AppDelegate.swift */ = {isa = PBXFileReference; lastKnownFileType = sourcecode.swift; path = AppDelegate.swift; sourceTree = "<group>"; };
		7752A9D11CF588B1003B52BA /* ViewController.swift */ = {isa = PBXFileReference; lastKnownFileType = sourcecode.swift; path = ViewController.swift; sourceTree = "<group>"; };
		7752A9D41CF588B1003B52BA /* Base */ = {isa = PBXFileReference; lastKnownFileType = file.storyboard; name = Base; path = Base.lproj/Main.storyboard; sourceTree = "<group>"; };
		7752A9D71CF588B1003B52BA /* Swift100Tips.xcdatamodel */ = {isa = PBXFileReference; lastKnownFileType = wrapper.xcdatamodel; path = Swift100Tips.xcdatamodel; sourceTree = "<group>"; };
		7752A9D91CF588B1003B52BA /* Assets.xcassets */ = {isa = PBXFileReference; lastKnownFileType = folder.assetcatalog; path = Assets.xcassets; sourceTree = "<group>"; };
		7752A9DC1CF588B1003B52BA /* Base */ = {isa = PBXFileReference; lastKnownFileType = file.storyboard; name = Base; path = Base.lproj/LaunchScreen.storyboard; sourceTree = "<group>"; };
		7752A9DE1CF588B1003B52BA /* Info.plist */ = {isa = PBXFileReference; lastKnownFileType = text.plist.xml; path = Info.plist; sourceTree = "<group>"; };
		7752A9E31CF588B2003B52BA /* Swift100TipsTests.xctest */ = {isa = PBXFileReference; explicitFileType = wrapper.cfbundle; includeInIndex = 0; path = Swift100TipsTests.xctest; sourceTree = BUILT_PRODUCTS_DIR; };
		7752A9E71CF588B2003B52BA /* Swift100TipsTests.swift */ = {isa = PBXFileReference; lastKnownFileType = sourcecode.swift; path = Swift100TipsTests.swift; sourceTree = "<group>"; };
		7752A9E91CF588B2003B52BA /* Info.plist */ = {isa = PBXFileReference; lastKnownFileType = text.plist.xml; path = Info.plist; sourceTree = "<group>"; };
		7752A9EE1CF588B2003B52BA /* Swift100TipsUITests.xctest */ = {isa = PBXFileReference; explicitFileType = wrapper.cfbundle; includeInIndex = 0; path = Swift100TipsUITests.xctest; sourceTree = BUILT_PRODUCTS_DIR; };
		7752A9F21CF588B2003B52BA /* Swift100TipsUITests.swift */ = {isa = PBXFileReference; lastKnownFileType = sourcecode.swift; path = Swift100TipsUITests.swift; sourceTree = "<group>"; };
		7752A9F41CF588B2003B52BA /* Info.plist */ = {isa = PBXFileReference; lastKnownFileType = text.plist.xml; path = Info.plist; sourceTree = "<group>"; };
		7752AA011CF58977003B52BA /* CurryingController.swift */ = {isa = PBXFileReference; fileEncoding = 4; lastKnownFileType = sourcecode.swift; path = CurryingController.swift; sourceTree = "<group>"; };
		7752AA041CF5908D003B52BA /* StructMutableController.swift */ = {isa = PBXFileReference; fileEncoding = 4; lastKnownFileType = sourcecode.swift; path = StructMutableController.swift; sourceTree = "<group>"; };
		7752AA071CF591F0003B52BA /* ProtocolMutatingController.swift */ = {isa = PBXFileReference; fileEncoding = 4; lastKnownFileType = sourcecode.swift; path = ProtocolMutatingController.swift; sourceTree = "<group>"; };
		7752AA0A1CF592FF003B52BA /* SelectorController.swift */ = {isa = PBXFileReference; fileEncoding = 4; lastKnownFileType = sourcecode.swift; path = SelectorController.swift; sourceTree = "<group>"; };
		7752AA0D1CF595AA003B52BA /* SequenceController.swift */ = {isa = PBXFileReference; fileEncoding = 4; lastKnownFileType = sourcecode.swift; path = SequenceController.swift; sourceTree = "<group>"; };
		7752AA101CF5978E003B52BA /* TupleController.swift */ = {isa = PBXFileReference; fileEncoding = 4; lastKnownFileType = sourcecode.swift; path = TupleController.swift; sourceTree = "<group>"; };
		7752AA131CF59B0A003B52BA /* AutoclosureController.swift */ = {isa = PBXFileReference; fileEncoding = 4; lastKnownFileType = sourcecode.swift; path = AutoclosureController.swift; sourceTree = "<group>"; };
		7752AA161CF5A055003B52BA /* OptionalChainingController.swift */ = {isa = PBXFileReference; fileEncoding = 4; lastKnownFileType = sourcecode.swift; path = OptionalChainingController.swift; sourceTree = "<group>"; };
		7752AA191CF5A3ED003B52BA /* CaozuoFuController.swift */ = {isa = PBXFileReference; fileEncoding = 4; lastKnownFileType = sourcecode.swift; path = CaozuoFuController.swift; sourceTree = "<group>"; };
		777C30D51CF6898F0022B2DB /* FuncController.swift */ = {isa = PBXFileReference; fileEncoding = 4; lastKnownFileType = sourcecode.swift; path = FuncController.swift; sourceTree = "<group>"; };
		777C30D81CF68C1D0022B2DB /* FuncNamingController.swift */ = {isa = PBXFileReference; fileEncoding = 4; lastKnownFileType = sourcecode.swift; path = FuncNamingController.swift; sourceTree = "<group>"; };
		777C30DB1CF68F920022B2DB /* REPL.swift */ = {isa = PBXFileReference; fileEncoding = 4; lastKnownFileType = sourcecode.swift; path = REPL.swift; sourceTree = "<group>"; };
		777C30DE1CF697640022B2DB /* ZiMianController.swift */ = {isa = PBXFileReference; fileEncoding = 4; lastKnownFileType = sourcecode.swift; path = ZiMianController.swift; sourceTree = "<group>"; };
		777C30E11CF69DEC0022B2DB /* XiaBiaoController.swift */ = {isa = PBXFileReference; fileEncoding = 4; lastKnownFileType = sourcecode.swift; path = XiaBiaoController.swift; sourceTree = "<group>"; };
/* End PBXFileReference section */

/* Begin PBXFrameworksBuildPhase section */
		7752A9C91CF588B1003B52BA /* Frameworks */ = {
			isa = PBXFrameworksBuildPhase;
			buildActionMask = 2147483647;
			files = (
			);
			runOnlyForDeploymentPostprocessing = 0;
		};
		7752A9E01CF588B2003B52BA /* Frameworks */ = {
			isa = PBXFrameworksBuildPhase;
			buildActionMask = 2147483647;
			files = (
			);
			runOnlyForDeploymentPostprocessing = 0;
		};
		7752A9EB1CF588B2003B52BA /* Frameworks */ = {
			isa = PBXFrameworksBuildPhase;
			buildActionMask = 2147483647;
			files = (
			);
			runOnlyForDeploymentPostprocessing = 0;
		};
/* End PBXFrameworksBuildPhase section */

/* Begin PBXGroup section */
		67B041341CF7DCBD0060E3C3 /* 25初始化方法顺序 */ = {
			isa = PBXGroup;
			children = (
				67B041351CF7DD0A0060E3C3 /* InitController.swift */,
			);
			name = "25初始化方法顺序";
			sourceTree = "<group>";
		};
		67B041371CF7DE600060E3C3 /* 26初始化方法标示 */ = {
			isa = PBXGroup;
			children = (
				67B041381CF7DE830060E3C3 /* InitMarkController.swift */,
			);
			name = "26初始化方法标示";
			sourceTree = "<group>";
		};
		67B0413A1CF7DFF60060E3C3 /* 27初始化返回 nil */ = {
			isa = PBXGroup;
			children = (
				67B0413B1CF7E0130060E3C3 /* InitNilController.swift */,
			);
			name = "27初始化返回 nil";
			sourceTree = "<group>";
		};
		67B0413D1CF7E23E0060E3C3 /* 28protocol 组合 */ = {
			isa = PBXGroup;
			children = (
				67B0413E1CF7E2520060E3C3 /* ProtocolController.swift */,
			);
			name = "28protocol 组合";
			sourceTree = "<group>";
		};
		67B041401CF7E49A0060E3C3 /* 29static和class */ = {
			isa = PBXGroup;
			children = (
				67B041411CF7E4E80060E3C3 /* StaticClassController.swift */,
			);
			name = "29static和class";
			sourceTree = "<group>";
		};
		67B041431CF7E6720060E3C3 /* 30@objc 和 dynamic */ = {
			isa = PBXGroup;
			children = (
				67B041441CF7E68B0060E3C3 /* ObjcController.swift */,
			);
			name = "30@objc 和 dynamic";
			sourceTree = "<group>";
		};
		67BDDEDF1CF6D17D00E6808F /* 16命名空间 */ = {
			isa = PBXGroup;
			children = (
				67BDDEE01CF6D23400E6808F /* NameSpaceController.swift */,
			);
			name = "16命名空间";
			sourceTree = "<group>";
		};
		67BDDEE21CF6D48200E6808F /* 17单例 */ = {
			isa = PBXGroup;
			children = (
				67BDDEE31CF6D4E600E6808F /* ShareManagerController.swift */,
			);
			name = "17单例";
			sourceTree = "<group>";
		};
		67BDDEE51CF6D8A900E6808F /* 18Any和AnyObject */ = {
			isa = PBXGroup;
			children = (
				67BDDEE61CF6D8CF00E6808F /* AnyController.swift */,
			);
			name = "18Any和AnyObject";
			sourceTree = "<group>";
		};
		67BDDEE81CF6DBEF00E6808F /* 19随机数 */ = {
			isa = PBXGroup;
			children = (
				67BDDEE91CF6DC8400E6808F /* RandomController.swift */,
			);
			name = "19随机数";
			sourceTree = "<group>";
		};
		67BDDEEB1CF6DE7800E6808F /* 20Typealias和泛型接口 */ = {
			isa = PBXGroup;
			children = (
				67BDDEEC1CF6DEA300E6808F /* TypealiasController.swift */,
			);
			name = "20Typealias和泛型接口";
			sourceTree = "<group>";
		};
		67BDDEEE1CF6E1F900E6808F /* 21条件编译 */ = {
			isa = PBXGroup;
			children = (
				67BDDEEF1CF6E22E00E6808F /* ConditionController.swift */,
			);
			name = "21条件编译";
			sourceTree = "<group>";
		};
		67BDDEF11CF6E7EE00E6808F /* 22编译标记 */ = {
			isa = PBXGroup;
			children = (
				67BDDEF21CF6E88B00E6808F /* MarkController.swift */,
			);
			name = "22编译标记";
			sourceTree = "<group>";
		};
		67BDDEF41CF6E91100E6808F /* 23可变参数函数 */ = {
			isa = PBXGroup;
			children = (
				67BDDEF51CF6E9C800E6808F /* MutableController.swift */,
			);
			name = "23可变参数函数";
			sourceTree = "<group>";
		};
		67BDDEF71CF6F5F400E6808F /* 24UIApplication */ = {
			isa = PBXGroup;
			children = (
				67BDDEF81CF6F61600E6808F /* UIApplicationController.swift */,
			);
			name = 24UIApplication;
			sourceTree = "<group>";
		};
		67DBE2021CFBCDAF003A26A6 /* 34Autoreleasepool */ = {
			isa = PBXGroup;
			children = (
				67DBE2031CFBCDCE003A26A6 /* AutoreleasepoolController.swift */,
			);
			name = 34Autoreleasepool;
			sourceTree = "<group>";
		};
		67DBE2051CFBCF9C003A26A6 /* 35Default参数 */ = {
			isa = PBXGroup;
			children = (
				67DBE2061CFBCFBD003A26A6 /* DefaultController.swift */,
			);
			name = "35Default参数";
			sourceTree = "<group>";
		};
		67DBE2081CFBD1FC003A26A6 /* 36正则表达式 */ = {
			isa = PBXGroup;
			children = (
				67DBE2091CFBD217003A26A6 /* RegularController.swift */,
			);
			name = "36正则表达式";
			sourceTree = "<group>";
		};
		67DBE20B1CFBD490003A26A6 /* 37模式匹配 */ = {
			isa = PBXGroup;
			children = (
				67DBE20C1CFBD51A003A26A6 /* MateController.swift */,
			);
			name = "37模式匹配";
			sourceTree = "<group>";
		};
		67DBE20E1CFBD8D8003A26A6 /* 38值类型和引用类型 */ = {
			isa = PBXGroup;
			children = (
				67DBE20F1CFBD90C003A26A6 /* TypeController.swift */,
			);
			name = "38值类型和引用类型";
			sourceTree = "<group>";
		};
		67DBE2111CFBDAFA003A26A6 /* 39Foundation框架{#foundation-framework} */ = {
			isa = PBXGroup;
			children = (
				67DBE2121CFBDB15003A26A6 /* FoundationController.swift */,
			);
			name = "39Foundation框架{#foundation-framework}";
			sourceTree = "<group>";
		};
		67DBE2141CFBDD64003A26A6 /* 40String 还是 NSString */ = {
			isa = PBXGroup;
			children = (
				67DBE2151CFBDD8C003A26A6 /* StringController.swift */,
			);
			name = "40String 还是 NSString";
			sourceTree = "<group>";
		};
		67DBE2171CFBDFF2003A26A6 /* 41UnsafePointer */ = {
			isa = PBXGroup;
			children = (
				67DBE2181CFBE000003A26A6 /* UnsafePointerController.swift */,
			);
			name = 41UnsafePointer;
			sourceTree = "<group>";
		};
		67DBE21A1CFBE2F0003A26A6 /* 42C 指针内存管理 */ = {
			isa = PBXGroup;
			children = (
				67DBE21B1CFBE2FE003A26A6 /* CController.swift */,
			);
			name = "42C 指针内存管理";
			sourceTree = "<group>";
		};
		67DBE21D1CFBE50B003A26A6 /* 43COpaquePointer 和 C convention */ = {
			isa = PBXGroup;
			children = (
				67DBE21E1CFBE52D003A26A6 /* COpaquePointerCconventionController.swift */,
			);
			name = "43COpaquePointer 和 C convention";
			sourceTree = "<group>";
		};
		67DBE2201CFBE75C003A26A6 /* 44GCD 和延时调用 */ = {
			isa = PBXGroup;
			children = (
				67DBE2211CFBE76B003A26A6 /* GCDController.swift */,
			);
			name = "44GCD 和延时调用";
			sourceTree = "<group>";
		};
		67DBE2231CFBE9C3003A26A6 /* 45... 和 ..< */ = {
			isa = PBXGroup;
			children = (
				67DBE2241CFBE9EF003A26A6 /* RangeController.swift */,
			);
			name = "45... 和 ..<";
			sourceTree = "<group>";
		};
		67DBE2261CFBEC1D003A26A6 /* 46获取对象类型 */ = {
			isa = PBXGroup;
			children = (
				67DBE2271CFBECCC003A26A6 /* GetSelfController.swift */,
			);
			name = "46获取对象类型";
			sourceTree = "<group>";
		};
		67DBE2291CFBEF62003A26A6 /* 47AnyClass，元类型和 .self */ = {
			isa = PBXGroup;
			children = (
				67DBE22A1CFBEFC6003A26A6 /* AnyClassController.swift */,
			);
			name = "47AnyClass，元类型和 .self";
			sourceTree = "<group>";
		};
		67DBE22C1CFC13D8003A26A6 /* 48接口和类方法中的 Self */ = {
			isa = PBXGroup;
			children = (
				67DBE22D1CFC141A003A26A6 /* SelftInterfaceController.swift */,
			);
			name = "48接口和类方法中的 Self";
			sourceTree = "<group>";
		};
		67DBE22F1CFC16CF003A26A6 /* 49自省 */ = {
			isa = PBXGroup;
			children = (
				67DBE2301CFC16E4003A26A6 /* IntrospectionController.swift */,
			);
			name = "49自省";
			sourceTree = "<group>";
		};
		67DBE2321CFC1859003A26A6 /* 50类型转换 {#type-casting} */ = {
			isa = PBXGroup;
			children = (
				67DBE2331CFC1950003A26A6 /* CastingController.swift */,
			);
			name = "50类型转换 {#type-casting}";
			sourceTree = "<group>";
		};
		67DBE2351CFC1AB0003A26A6 /* 51动态类型和多方法 */ = {
			isa = PBXGroup;
			children = (
				67DBE2361CFC1AF3003A26A6 /* DynamicTypeController.swift */,
			);
			name = "51动态类型和多方法";
			sourceTree = "<group>";
		};
		67DBE2381CFC1D32003A26A6 /* 52属性观察 */ = {
			isa = PBXGroup;
			children = (
				67DBE2391CFC1D49003A26A6 /* ObserversController.swift */,
			);
			name = "52属性观察";
			sourceTree = "<group>";
		};
		67FF5E261CF7EFB200AAF03B /* 31可选接口和接口扩展 */ = {
			isa = PBXGroup;
			children = (
				67FF5E271CF7F07F00AAF03B /* OptionalController.swift */,
			);
			name = "31可选接口和接口扩展";
			sourceTree = "<group>";
		};
		67FF5E291CF7F1F400AAF03B /* 32多类型和容器 */ = {
			isa = PBXGroup;
			children = (
				67FF5E2A1CF7F27400AAF03B /* ElementController.swift */,
			);
			name = "32多类型和容器";
			sourceTree = "<group>";
		};
		67FF5E2C1CF7F3BC00AAF03B /* 33内存管理weak和unowned */ = {
			isa = PBXGroup;
			children = (
				67FF5E2D1CF7F3D500AAF03B /* WeakController.swift */,
			);
			name = "33内存管理weak和unowned";
			sourceTree = "<group>";
		};
		7752A9C31CF588B1003B52BA = {
			isa = PBXGroup;
			children = (
				7752A9CE1CF588B1003B52BA /* Swift100Tips */,
				7752A9E61CF588B2003B52BA /* Swift100TipsTests */,
				7752A9F11CF588B2003B52BA /* Swift100TipsUITests */,
				7752A9CD1CF588B1003B52BA /* Products */,
			);
			sourceTree = "<group>";
		};
		7752A9CD1CF588B1003B52BA /* Products */ = {
			isa = PBXGroup;
			children = (
				7752A9CC1CF588B1003B52BA /* Swift100Tips.app */,
				7752A9E31CF588B2003B52BA /* Swift100TipsTests.xctest */,
				7752A9EE1CF588B2003B52BA /* Swift100TipsUITests.xctest */,
			);
			name = Products;
			sourceTree = "<group>";
		};
		7752A9CE1CF588B1003B52BA /* Swift100Tips */ = {
			isa = PBXGroup;
			children = (
				67DBE2381CFC1D32003A26A6 /* 52属性观察 */,
				67DBE2351CFC1AB0003A26A6 /* 51动态类型和多方法 */,
				67DBE2321CFC1859003A26A6 /* 50类型转换 {#type-casting} */,
				67DBE22F1CFC16CF003A26A6 /* 49自省 */,
				67DBE22C1CFC13D8003A26A6 /* 48接口和类方法中的 Self */,
				67DBE2291CFBEF62003A26A6 /* 47AnyClass，元类型和 .self */,
				67DBE2261CFBEC1D003A26A6 /* 46获取对象类型 */,
				67DBE2231CFBE9C3003A26A6 /* 45... 和 ..< */,
				67DBE2201CFBE75C003A26A6 /* 44GCD 和延时调用 */,
				67DBE21D1CFBE50B003A26A6 /* 43COpaquePointer 和 C convention */,
				67DBE21A1CFBE2F0003A26A6 /* 42C 指针内存管理 */,
				67DBE2171CFBDFF2003A26A6 /* 41UnsafePointer */,
				67DBE2141CFBDD64003A26A6 /* 40String 还是 NSString */,
				67DBE2111CFBDAFA003A26A6 /* 39Foundation框架{#foundation-framework} */,
				67DBE20E1CFBD8D8003A26A6 /* 38值类型和引用类型 */,
				67DBE20B1CFBD490003A26A6 /* 37模式匹配 */,
				67DBE2081CFBD1FC003A26A6 /* 36正则表达式 */,
				67DBE2051CFBCF9C003A26A6 /* 35Default参数 */,
				67DBE2021CFBCDAF003A26A6 /* 34Autoreleasepool */,
				67FF5E2C1CF7F3BC00AAF03B /* 33内存管理weak和unowned */,
				67FF5E291CF7F1F400AAF03B /* 32多类型和容器 */,
				67FF5E261CF7EFB200AAF03B /* 31可选接口和接口扩展 */,
				67B041431CF7E6720060E3C3 /* 30@objc 和 dynamic */,
				67B041401CF7E49A0060E3C3 /* 29static和class */,
				67B0413D1CF7E23E0060E3C3 /* 28protocol 组合 */,
				67B0413A1CF7DFF60060E3C3 /* 27初始化返回 nil */,
				67B041371CF7DE600060E3C3 /* 26初始化方法标示 */,
				67B041341CF7DCBD0060E3C3 /* 25初始化方法顺序 */,
				67BDDEF71CF6F5F400E6808F /* 24UIApplication */,
				67BDDEF41CF6E91100E6808F /* 23可变参数函数 */,
				67BDDEF11CF6E7EE00E6808F /* 22编译标记 */,
				67BDDEEE1CF6E1F900E6808F /* 21条件编译 */,
				67BDDEEB1CF6DE7800E6808F /* 20Typealias和泛型接口 */,
				67BDDEE81CF6DBEF00E6808F /* 19随机数 */,
				67BDDEE51CF6D8A900E6808F /* 18Any和AnyObject */,
				67BDDEE21CF6D48200E6808F /* 17单例 */,
				67BDDEDF1CF6D17D00E6808F /* 16命名空间 */,
				777C30E31CF6A3370022B2DB /* 15方法嵌套 */,
				777C30E01CF69DD30022B2DB /* 14下标 */,
				777C30DD1CF696F70022B2DB /* 13字面量转换 */,
				777C30DA1CF68F0C0022B2DB /* 12Swift命令行工具 */,
				777C30D71CF68C060022B2DB /* 11方法参数名称省略 {#func-naming} */,
				7752AA1B1CF5A94E003B52BA /* 10func 的参数修饰 */,
				7752AA181CF5A38A003B52BA /* 9操作符 */,
				7752AA151CF5A039003B52BA /* 8Optional Chaining */,
				7752AA121CF59AF7003B52BA /* 7autoclosure */,
				7752AA0F1CF59775003B52BA /* 6多元组 (Tuple) */,
				7752AA0C1CF59535003B52BA /* 5Sequence */,
				7752AA091CF592E9003B52BA /* 4Selector */,
				7752AA061CF591BA003B52BA /* 3将protocol的方法声明为mutating */,
				7752AA031CF59060003B52BA /* 2StructMutable的方法 */,
				7752AA001CF588FB003B52BA /* 1柯里化(Currying) */,
				7752A9CF1CF588B1003B52BA /* AppDelegate.swift */,
				7752A9D11CF588B1003B52BA /* ViewController.swift */,
				7752A9D31CF588B1003B52BA /* Main.storyboard */,
				7752A9D91CF588B1003B52BA /* Assets.xcassets */,
				7752A9DB1CF588B1003B52BA /* LaunchScreen.storyboard */,
				7752A9DE1CF588B1003B52BA /* Info.plist */,
				7752A9D61CF588B1003B52BA /* Swift100Tips.xcdatamodeld */,
			);
			path = Swift100Tips;
			sourceTree = "<group>";
		};
		7752A9E61CF588B2003B52BA /* Swift100TipsTests */ = {
			isa = PBXGroup;
			children = (
				7752A9E71CF588B2003B52BA /* Swift100TipsTests.swift */,
				7752A9E91CF588B2003B52BA /* Info.plist */,
			);
			path = Swift100TipsTests;
			sourceTree = "<group>";
		};
		7752A9F11CF588B2003B52BA /* Swift100TipsUITests */ = {
			isa = PBXGroup;
			children = (
				7752A9F21CF588B2003B52BA /* Swift100TipsUITests.swift */,
				7752A9F41CF588B2003B52BA /* Info.plist */,
			);
			path = Swift100TipsUITests;
			sourceTree = "<group>";
		};
		7752AA001CF588FB003B52BA /* 1柯里化(Currying) */ = {
			isa = PBXGroup;
			children = (
				7752AA011CF58977003B52BA /* CurryingController.swift */,
			);
			name = "1柯里化(Currying)";
			sourceTree = "<group>";
		};
		7752AA031CF59060003B52BA /* 2StructMutable的方法 */ = {
			isa = PBXGroup;
			children = (
				7752AA041CF5908D003B52BA /* StructMutableController.swift */,
			);
			name = "2StructMutable的方法";
			sourceTree = "<group>";
		};
		7752AA061CF591BA003B52BA /* 3将protocol的方法声明为mutating */ = {
			isa = PBXGroup;
			children = (
				7752AA071CF591F0003B52BA /* ProtocolMutatingController.swift */,
			);
			name = "3将protocol的方法声明为mutating";
			sourceTree = "<group>";
		};
		7752AA091CF592E9003B52BA /* 4Selector */ = {
			isa = PBXGroup;
			children = (
				7752AA0A1CF592FF003B52BA /* SelectorController.swift */,
			);
			name = 4Selector;
			sourceTree = "<group>";
		};
		7752AA0C1CF59535003B52BA /* 5Sequence */ = {
			isa = PBXGroup;
			children = (
				7752AA0D1CF595AA003B52BA /* SequenceController.swift */,
			);
			name = 5Sequence;
			sourceTree = "<group>";
		};
		7752AA0F1CF59775003B52BA /* 6多元组 (Tuple) */ = {
			isa = PBXGroup;
			children = (
				7752AA101CF5978E003B52BA /* TupleController.swift */,
			);
			name = "6多元组 (Tuple)";
			sourceTree = "<group>";
		};
		7752AA121CF59AF7003B52BA /* 7autoclosure */ = {
			isa = PBXGroup;
			children = (
				7752AA131CF59B0A003B52BA /* AutoclosureController.swift */,
			);
			name = 7autoclosure;
			sourceTree = "<group>";
		};
		7752AA151CF5A039003B52BA /* 8Optional Chaining */ = {
			isa = PBXGroup;
			children = (
				7752AA161CF5A055003B52BA /* OptionalChainingController.swift */,
			);
			name = "8Optional Chaining";
			sourceTree = "<group>";
		};
		7752AA181CF5A38A003B52BA /* 9操作符 */ = {
			isa = PBXGroup;
			children = (
				7752AA191CF5A3ED003B52BA /* CaozuoFuController.swift */,
			);
			name = "9操作符";
			sourceTree = "<group>";
		};
		7752AA1B1CF5A94E003B52BA /* 10func 的参数修饰 */ = {
			isa = PBXGroup;
			children = (
				777C30D51CF6898F0022B2DB /* FuncController.swift */,
			);
			name = "10func 的参数修饰";
			sourceTree = "<group>";
		};
		777C30D71CF68C060022B2DB /* 11方法参数名称省略 {#func-naming} */ = {
			isa = PBXGroup;
			children = (
				777C30D81CF68C1D0022B2DB /* FuncNamingController.swift */,
			);
			name = "11方法参数名称省略 {#func-naming}";
			sourceTree = "<group>";
		};
		777C30DA1CF68F0C0022B2DB /* 12Swift命令行工具 */ = {
			isa = PBXGroup;
			children = (
				777C30DB1CF68F920022B2DB /* REPL.swift */,
			);
			name = "12Swift命令行工具";
			sourceTree = "<group>";
		};
		777C30DD1CF696F70022B2DB /* 13字面量转换 */ = {
			isa = PBXGroup;
			children = (
				777C30DE1CF697640022B2DB /* ZiMianController.swift */,
			);
			name = "13字面量转换";
			sourceTree = "<group>";
		};
		777C30E01CF69DD30022B2DB /* 14下标 */ = {
			isa = PBXGroup;
			children = (
				777C30E11CF69DEC0022B2DB /* XiaBiaoController.swift */,
			);
			name = "14下标";
			sourceTree = "<group>";
		};
		777C30E31CF6A3370022B2DB /* 15方法嵌套 */ = {
			isa = PBXGroup;
			children = (
				7725FE5D1CF6CC11003001C4 /* FunctionController.swift */,
			);
			name = "15方法嵌套";
			sourceTree = "<group>";
		};
/* End PBXGroup section */

/* Begin PBXNativeTarget section */
		7752A9CB1CF588B1003B52BA /* Swift100Tips */ = {
			isa = PBXNativeTarget;
			buildConfigurationList = 7752A9F71CF588B2003B52BA /* Build configuration list for PBXNativeTarget "Swift100Tips" */;
			buildPhases = (
				7752A9C81CF588B1003B52BA /* Sources */,
				7752A9C91CF588B1003B52BA /* Frameworks */,
				7752A9CA1CF588B1003B52BA /* Resources */,
			);
			buildRules = (
			);
			dependencies = (
			);
			name = Swift100Tips;
			productName = Swift100Tips;
			productReference = 7752A9CC1CF588B1003B52BA /* Swift100Tips.app */;
			productType = "com.apple.product-type.application";
		};
		7752A9E21CF588B2003B52BA /* Swift100TipsTests */ = {
			isa = PBXNativeTarget;
			buildConfigurationList = 7752A9FA1CF588B2003B52BA /* Build configuration list for PBXNativeTarget "Swift100TipsTests" */;
			buildPhases = (
				7752A9DF1CF588B2003B52BA /* Sources */,
				7752A9E01CF588B2003B52BA /* Frameworks */,
				7752A9E11CF588B2003B52BA /* Resources */,
			);
			buildRules = (
			);
			dependencies = (
				7752A9E51CF588B2003B52BA /* PBXTargetDependency */,
			);
			name = Swift100TipsTests;
			productName = Swift100TipsTests;
			productReference = 7752A9E31CF588B2003B52BA /* Swift100TipsTests.xctest */;
			productType = "com.apple.product-type.bundle.unit-test";
		};
		7752A9ED1CF588B2003B52BA /* Swift100TipsUITests */ = {
			isa = PBXNativeTarget;
			buildConfigurationList = 7752A9FD1CF588B2003B52BA /* Build configuration list for PBXNativeTarget "Swift100TipsUITests" */;
			buildPhases = (
				7752A9EA1CF588B2003B52BA /* Sources */,
				7752A9EB1CF588B2003B52BA /* Frameworks */,
				7752A9EC1CF588B2003B52BA /* Resources */,
			);
			buildRules = (
			);
			dependencies = (
				7752A9F01CF588B2003B52BA /* PBXTargetDependency */,
			);
			name = Swift100TipsUITests;
			productName = Swift100TipsUITests;
			productReference = 7752A9EE1CF588B2003B52BA /* Swift100TipsUITests.xctest */;
			productType = "com.apple.product-type.bundle.ui-testing";
		};
/* End PBXNativeTarget section */

/* Begin PBXProject section */
		7752A9C41CF588B1003B52BA /* Project object */ = {
			isa = PBXProject;
			attributes = {
				LastSwiftUpdateCheck = 0720;
				LastUpgradeCheck = 0720;
				ORGANIZATIONNAME = ST;
				TargetAttributes = {
					7752A9CB1CF588B1003B52BA = {
						CreatedOnToolsVersion = 7.2.1;
						DevelopmentTeam = Z25J3BA353;
					};
					7752A9E21CF588B2003B52BA = {
						CreatedOnToolsVersion = 7.2.1;
						DevelopmentTeam = Z25J3BA353;
						TestTargetID = 7752A9CB1CF588B1003B52BA;
					};
					7752A9ED1CF588B2003B52BA = {
						CreatedOnToolsVersion = 7.2.1;
						DevelopmentTeam = Z25J3BA353;
						TestTargetID = 7752A9CB1CF588B1003B52BA;
					};
				};
			};
			buildConfigurationList = 7752A9C71CF588B1003B52BA /* Build configuration list for PBXProject "Swift100Tips" */;
			compatibilityVersion = "Xcode 3.2";
			developmentRegion = English;
			hasScannedForEncodings = 0;
			knownRegions = (
				en,
				Base,
			);
			mainGroup = 7752A9C31CF588B1003B52BA;
			productRefGroup = 7752A9CD1CF588B1003B52BA /* Products */;
			projectDirPath = "";
			projectRoot = "";
			targets = (
				7752A9CB1CF588B1003B52BA /* Swift100Tips */,
				7752A9E21CF588B2003B52BA /* Swift100TipsTests */,
				7752A9ED1CF588B2003B52BA /* Swift100TipsUITests */,
			);
		};
/* End PBXProject section */

/* Begin PBXResourcesBuildPhase section */
		7752A9CA1CF588B1003B52BA /* Resources */ = {
			isa = PBXResourcesBuildPhase;
			buildActionMask = 2147483647;
			files = (
				7752A9DD1CF588B1003B52BA /* LaunchScreen.storyboard in Resources */,
				7752A9DA1CF588B1003B52BA /* Assets.xcassets in Resources */,
				7752A9D51CF588B1003B52BA /* Main.storyboard in Resources */,
			);
			runOnlyForDeploymentPostprocessing = 0;
		};
		7752A9E11CF588B2003B52BA /* Resources */ = {
			isa = PBXResourcesBuildPhase;
			buildActionMask = 2147483647;
			files = (
			);
			runOnlyForDeploymentPostprocessing = 0;
		};
		7752A9EC1CF588B2003B52BA /* Resources */ = {
			isa = PBXResourcesBuildPhase;
			buildActionMask = 2147483647;
			files = (
			);
			runOnlyForDeploymentPostprocessing = 0;
		};
/* End PBXResourcesBuildPhase section */

/* Begin PBXSourcesBuildPhase section */
		7752A9C81CF588B1003B52BA /* Sources */ = {
			isa = PBXSourcesBuildPhase;
			buildActionMask = 2147483647;
			files = (
				67B041391CF7DE830060E3C3 /* InitMarkController.swift in Sources */,
				67BDDEF61CF6E9C800E6808F /* MutableController.swift in Sources */,
				67DBE22E1CFC141A003A26A6 /* SelftInterfaceController.swift in Sources */,
				7752AA0E1CF595AA003B52BA /* SequenceController.swift in Sources */,
				67FF5E2E1CF7F3D500AAF03B /* WeakController.swift in Sources */,
				7752AA081CF591F0003B52BA /* ProtocolMutatingController.swift in Sources */,
				67B041361CF7DD0A0060E3C3 /* InitController.swift in Sources */,
				67BDDEF31CF6E88B00E6808F /* MarkController.swift in Sources */,
				67DBE2341CFC1950003A26A6 /* CastingController.swift in Sources */,
				7752AA141CF59B0A003B52BA /* AutoclosureController.swift in Sources */,
				7752A9D21CF588B1003B52BA /* ViewController.swift in Sources */,
				7752AA111CF5978E003B52BA /* TupleController.swift in Sources */,
				67B0413C1CF7E0130060E3C3 /* InitNilController.swift in Sources */,
				67FF5E2B1CF7F27400AAF03B /* ElementController.swift in Sources */,
				67DBE20A1CFBD217003A26A6 /* RegularController.swift in Sources */,
				67DBE21F1CFBE52D003A26A6 /* COpaquePointerCconventionController.swift in Sources */,
				67DBE2161CFBDD8C003A26A6 /* StringController.swift in Sources */,
				777C30D91CF68C1D0022B2DB /* FuncNamingController.swift in Sources */,
				7752A9D81CF588B1003B52BA /* Swift100Tips.xcdatamodeld in Sources */,
				67DBE2251CFBE9EF003A26A6 /* RangeController.swift in Sources */,
				7752AA021CF58977003B52BA /* CurryingController.swift in Sources */,
				7752AA1A1CF5A3ED003B52BA /* CaozuoFuController.swift in Sources */,
				7725FE5E1CF6CC11003001C4 /* FunctionController.swift in Sources */,
				777C30D61CF6898F0022B2DB /* FuncController.swift in Sources */,
				67DBE21C1CFBE2FE003A26A6 /* CController.swift in Sources */,
				7752AA051CF5908D003B52BA /* StructMutableController.swift in Sources */,
				67BDDEF91CF6F61600E6808F /* UIApplicationController.swift in Sources */,
				67DBE22B1CFBEFC6003A26A6 /* AnyClassController.swift in Sources */,
				67BDDEEA1CF6DC8400E6808F /* RandomController.swift in Sources */,
				7752AA0B1CF592FF003B52BA /* SelectorController.swift in Sources */,
				7752A9D01CF588B1003B52BA /* AppDelegate.swift in Sources */,
				67DBE2371CFC1AF3003A26A6 /* DynamicTypeController.swift in Sources */,
				67B041451CF7E68B0060E3C3 /* ObjcController.swift in Sources */,
				777C30DF1CF697640022B2DB /* ZiMianController.swift in Sources */,
				67DBE20D1CFBD51A003A26A6 /* MateController.swift in Sources */,
				67DBE2311CFC16E4003A26A6 /* IntrospectionController.swift in Sources */,
				67DBE2071CFBCFBD003A26A6 /* DefaultController.swift in Sources */,
				67BDDEE71CF6D8CF00E6808F /* AnyController.swift in Sources */,
				777C30DC1CF68F920022B2DB /* REPL.swift in Sources */,
				67DBE23A1CFC1D49003A26A6 /* ObserversController.swift in Sources */,
				67DBE2101CFBD90C003A26A6 /* TypeController.swift in Sources */,
				67B041421CF7E4E80060E3C3 /* StaticClassController.swift in Sources */,
				67DBE2041CFBCDCE003A26A6 /* AutoreleasepoolController.swift in Sources */,
				7752AA171CF5A055003B52BA /* OptionalChainingController.swift in Sources */,
				67B0413F1CF7E2520060E3C3 /* ProtocolController.swift in Sources */,
				67BDDEE41CF6D4E600E6808F /* ShareManagerController.swift in Sources */,
				67BDDEED1CF6DEA300E6808F /* TypealiasController.swift in Sources */,
				67DBE2281CFBECCC003A26A6 /* GetSelfController.swift in Sources */,
				67BDDEE11CF6D23400E6808F /* NameSpaceController.swift in Sources */,
				67DBE2131CFBDB15003A26A6 /* FoundationController.swift in Sources */,
				67FF5E281CF7F07F00AAF03B /* OptionalController.swift in Sources */,
				67DBE2221CFBE76B003A26A6 /* GCDController.swift in Sources */,
				777C30E21CF69DEC0022B2DB /* XiaBiaoController.swift in Sources */,
				67BDDEF01CF6E22E00E6808F /* ConditionController.swift in Sources */,
				67DBE2191CFBE001003A26A6 /* UnsafePointerController.swift in Sources */,
			);
			runOnlyForDeploymentPostprocessing = 0;
		};
		7752A9DF1CF588B2003B52BA /* Sources */ = {
			isa = PBXSourcesBuildPhase;
			buildActionMask = 2147483647;
			files = (
				7752A9E81CF588B2003B52BA /* Swift100TipsTests.swift in Sources */,
			);
			runOnlyForDeploymentPostprocessing = 0;
		};
		7752A9EA1CF588B2003B52BA /* Sources */ = {
			isa = PBXSourcesBuildPhase;
			buildActionMask = 2147483647;
			files = (
				7752A9F31CF588B2003B52BA /* Swift100TipsUITests.swift in Sources */,
			);
			runOnlyForDeploymentPostprocessing = 0;
		};
/* End PBXSourcesBuildPhase section */

/* Begin PBXTargetDependency section */
		7752A9E51CF588B2003B52BA /* PBXTargetDependency */ = {
			isa = PBXTargetDependency;
			target = 7752A9CB1CF588B1003B52BA /* Swift100Tips */;
			targetProxy = 7752A9E41CF588B2003B52BA /* PBXContainerItemProxy */;
		};
		7752A9F01CF588B2003B52BA /* PBXTargetDependency */ = {
			isa = PBXTargetDependency;
			target = 7752A9CB1CF588B1003B52BA /* Swift100Tips */;
			targetProxy = 7752A9EF1CF588B2003B52BA /* PBXContainerItemProxy */;
		};
/* End PBXTargetDependency section */

/* Begin PBXVariantGroup section */
		7752A9D31CF588B1003B52BA /* Main.storyboard */ = {
			isa = PBXVariantGroup;
			children = (
				7752A9D41CF588B1003B52BA /* Base */,
			);
			name = Main.storyboard;
			sourceTree = "<group>";
		};
		7752A9DB1CF588B1003B52BA /* LaunchScreen.storyboard */ = {
			isa = PBXVariantGroup;
			children = (
				7752A9DC1CF588B1003B52BA /* Base */,
			);
			name = LaunchScreen.storyboard;
			sourceTree = "<group>";
		};
/* End PBXVariantGroup section */

/* Begin XCBuildConfiguration section */
		7752A9F51CF588B2003B52BA /* Debug */ = {
			isa = XCBuildConfiguration;
			buildSettings = {
				ALWAYS_SEARCH_USER_PATHS = NO;
				CLANG_CXX_LANGUAGE_STANDARD = "gnu++0x";
				CLANG_CXX_LIBRARY = "libc++";
				CLANG_ENABLE_MODULES = YES;
				CLANG_ENABLE_OBJC_ARC = YES;
				CLANG_WARN_BOOL_CONVERSION = YES;
				CLANG_WARN_CONSTANT_CONVERSION = YES;
				CLANG_WARN_DIRECT_OBJC_ISA_USAGE = YES_ERROR;
				CLANG_WARN_EMPTY_BODY = YES;
				CLANG_WARN_ENUM_CONVERSION = YES;
				CLANG_WARN_INT_CONVERSION = YES;
				CLANG_WARN_OBJC_ROOT_CLASS = YES_ERROR;
				CLANG_WARN_UNREACHABLE_CODE = YES;
				CLANG_WARN__DUPLICATE_METHOD_MATCH = YES;
				"CODE_SIGN_IDENTITY[sdk=iphoneos*]" = "iPhone Developer";
				COPY_PHASE_STRIP = NO;
				DEBUG_INFORMATION_FORMAT = dwarf;
				ENABLE_STRICT_OBJC_MSGSEND = YES;
				ENABLE_TESTABILITY = YES;
				GCC_C_LANGUAGE_STANDARD = gnu99;
				GCC_DYNAMIC_NO_PIC = NO;
				GCC_NO_COMMON_BLOCKS = YES;
				GCC_OPTIMIZATION_LEVEL = 0;
				GCC_PREPROCESSOR_DEFINITIONS = (
					"DEBUG=1",
					"$(inherited)",
				);
				GCC_WARN_64_TO_32_BIT_CONVERSION = YES;
				GCC_WARN_ABOUT_RETURN_TYPE = YES_ERROR;
				GCC_WARN_UNDECLARED_SELECTOR = YES;
				GCC_WARN_UNINITIALIZED_AUTOS = YES_AGGRESSIVE;
				GCC_WARN_UNUSED_FUNCTION = YES;
				GCC_WARN_UNUSED_VARIABLE = YES;
				IPHONEOS_DEPLOYMENT_TARGET = 9.2;
				MTL_ENABLE_DEBUG_INFO = YES;
				ONLY_ACTIVE_ARCH = YES;
				SDKROOT = iphoneos;
				SWIFT_OPTIMIZATION_LEVEL = "-Onone";
			};
			name = Debug;
		};
		7752A9F61CF588B2003B52BA /* Release */ = {
			isa = XCBuildConfiguration;
			buildSettings = {
				ALWAYS_SEARCH_USER_PATHS = NO;
				CLANG_CXX_LANGUAGE_STANDARD = "gnu++0x";
				CLANG_CXX_LIBRARY = "libc++";
				CLANG_ENABLE_MODULES = YES;
				CLANG_ENABLE_OBJC_ARC = YES;
				CLANG_WARN_BOOL_CONVERSION = YES;
				CLANG_WARN_CONSTANT_CONVERSION = YES;
				CLANG_WARN_DIRECT_OBJC_ISA_USAGE = YES_ERROR;
				CLANG_WARN_EMPTY_BODY = YES;
				CLANG_WARN_ENUM_CONVERSION = YES;
				CLANG_WARN_INT_CONVERSION = YES;
				CLANG_WARN_OBJC_ROOT_CLASS = YES_ERROR;
				CLANG_WARN_UNREACHABLE_CODE = YES;
				CLANG_WARN__DUPLICATE_METHOD_MATCH = YES;
				"CODE_SIGN_IDENTITY[sdk=iphoneos*]" = "iPhone Developer";
				COPY_PHASE_STRIP = NO;
				DEBUG_INFORMATION_FORMAT = "dwarf-with-dsym";
				ENABLE_NS_ASSERTIONS = NO;
				ENABLE_STRICT_OBJC_MSGSEND = YES;
				GCC_C_LANGUAGE_STANDARD = gnu99;
				GCC_NO_COMMON_BLOCKS = YES;
				GCC_WARN_64_TO_32_BIT_CONVERSION = YES;
				GCC_WARN_ABOUT_RETURN_TYPE = YES_ERROR;
				GCC_WARN_UNDECLARED_SELECTOR = YES;
				GCC_WARN_UNINITIALIZED_AUTOS = YES_AGGRESSIVE;
				GCC_WARN_UNUSED_FUNCTION = YES;
				GCC_WARN_UNUSED_VARIABLE = YES;
				IPHONEOS_DEPLOYMENT_TARGET = 9.2;
				MTL_ENABLE_DEBUG_INFO = NO;
				SDKROOT = iphoneos;
				VALIDATE_PRODUCT = YES;
			};
			name = Release;
		};
		7752A9F81CF588B2003B52BA /* Debug */ = {
			isa = XCBuildConfiguration;
			buildSettings = {
				ASSETCATALOG_COMPILER_APPICON_NAME = AppIcon;
				INFOPLIST_FILE = Swift100Tips/Info.plist;
				LD_RUNPATH_SEARCH_PATHS = "$(inherited) @executable_path/Frameworks";
				OTHER_SWIFT_FLAGS = "-D FREE_VERSION";
				PRODUCT_BUNDLE_IDENTIFIER = com.ST.Swift100Tips;
				PRODUCT_NAME = "$(TARGET_NAME)";
			};
			name = Debug;
		};
		7752A9F91CF588B2003B52BA /* Release */ = {
			isa = XCBuildConfiguration;
			buildSettings = {
				ASSETCATALOG_COMPILER_APPICON_NAME = AppIcon;
				INFOPLIST_FILE = Swift100Tips/Info.plist;
				LD_RUNPATH_SEARCH_PATHS = "$(inherited) @executable_path/Frameworks";
				OTHER_SWIFT_FLAGS = "-D FREE_VERSION";
				PRODUCT_BUNDLE_IDENTIFIER = com.ST.Swift100Tips;
				PRODUCT_NAME = "$(TARGET_NAME)";
			};
			name = Release;
		};
		7752A9FB1CF588B2003B52BA /* Debug */ = {
			isa = XCBuildConfiguration;
			buildSettings = {
				BUNDLE_LOADER = "$(TEST_HOST)";
				INFOPLIST_FILE = Swift100TipsTests/Info.plist;
				LD_RUNPATH_SEARCH_PATHS = "$(inherited) @executable_path/Frameworks @loader_path/Frameworks";
				PRODUCT_BUNDLE_IDENTIFIER = com.ST.Swift100TipsTests;
				PRODUCT_NAME = "$(TARGET_NAME)";
				TEST_HOST = "$(BUILT_PRODUCTS_DIR)/Swift100Tips.app/Swift100Tips";
			};
			name = Debug;
		};
		7752A9FC1CF588B2003B52BA /* Release */ = {
			isa = XCBuildConfiguration;
			buildSettings = {
				BUNDLE_LOADER = "$(TEST_HOST)";
				INFOPLIST_FILE = Swift100TipsTests/Info.plist;
				LD_RUNPATH_SEARCH_PATHS = "$(inherited) @executable_path/Frameworks @loader_path/Frameworks";
				PRODUCT_BUNDLE_IDENTIFIER = com.ST.Swift100TipsTests;
				PRODUCT_NAME = "$(TARGET_NAME)";
				TEST_HOST = "$(BUILT_PRODUCTS_DIR)/Swift100Tips.app/Swift100Tips";
			};
			name = Release;
		};
		7752A9FE1CF588B2003B52BA /* Debug */ = {
			isa = XCBuildConfiguration;
			buildSettings = {
				INFOPLIST_FILE = Swift100TipsUITests/Info.plist;
				LD_RUNPATH_SEARCH_PATHS = "$(inherited) @executable_path/Frameworks @loader_path/Frameworks";
				PRODUCT_BUNDLE_IDENTIFIER = com.ST.Swift100TipsUITests;
				PRODUCT_NAME = "$(TARGET_NAME)";
				TEST_TARGET_NAME = Swift100Tips;
				USES_XCTRUNNER = YES;
			};
			name = Debug;
		};
		7752A9FF1CF588B2003B52BA /* Release */ = {
			isa = XCBuildConfiguration;
			buildSettings = {
				INFOPLIST_FILE = Swift100TipsUITests/Info.plist;
				LD_RUNPATH_SEARCH_PATHS = "$(inherited) @executable_path/Frameworks @loader_path/Frameworks";
				PRODUCT_BUNDLE_IDENTIFIER = com.ST.Swift100TipsUITests;
				PRODUCT_NAME = "$(TARGET_NAME)";
				TEST_TARGET_NAME = Swift100Tips;
				USES_XCTRUNNER = YES;
			};
			name = Release;
		};
/* End XCBuildConfiguration section */

/* Begin XCConfigurationList section */
		7752A9C71CF588B1003B52BA /* Build configuration list for PBXProject "Swift100Tips" */ = {
			isa = XCConfigurationList;
			buildConfigurations = (
				7752A9F51CF588B2003B52BA /* Debug */,
				7752A9F61CF588B2003B52BA /* Release */,
			);
			defaultConfigurationIsVisible = 0;
			defaultConfigurationName = Release;
		};
		7752A9F71CF588B2003B52BA /* Build configuration list for PBXNativeTarget "Swift100Tips" */ = {
			isa = XCConfigurationList;
			buildConfigurations = (
				7752A9F81CF588B2003B52BA /* Debug */,
				7752A9F91CF588B2003B52BA /* Release */,
			);
			defaultConfigurationIsVisible = 0;
			defaultConfigurationName = Release;
		};
		7752A9FA1CF588B2003B52BA /* Build configuration list for PBXNativeTarget "Swift100TipsTests" */ = {
			isa = XCConfigurationList;
			buildConfigurations = (
				7752A9FB1CF588B2003B52BA /* Debug */,
				7752A9FC1CF588B2003B52BA /* Release */,
			);
			defaultConfigurationIsVisible = 0;
			defaultConfigurationName = Release;
		};
		7752A9FD1CF588B2003B52BA /* Build configuration list for PBXNativeTarget "Swift100TipsUITests" */ = {
			isa = XCConfigurationList;
			buildConfigurations = (
				7752A9FE1CF588B2003B52BA /* Debug */,
				7752A9FF1CF588B2003B52BA /* Release */,
			);
			defaultConfigurationIsVisible = 0;
			defaultConfigurationName = Release;
		};
/* End XCConfigurationList section */

/* Begin XCVersionGroup section */
		7752A9D61CF588B1003B52BA /* Swift100Tips.xcdatamodeld */ = {
			isa = XCVersionGroup;
			children = (
				7752A9D71CF588B1003B52BA /* Swift100Tips.xcdatamodel */,
			);
			currentVersion = 7752A9D71CF588B1003B52BA /* Swift100Tips.xcdatamodel */;
			path = Swift100Tips.xcdatamodeld;
			sourceTree = "<group>";
			versionGroupType = wrapper.xcdatamodel;
		};
/* End XCVersionGroup section */
	};
	rootObject = 7752A9C41CF588B1003B52BA /* Project object */;
}
