// !$*UTF8*$!
{
	archiveVersion = 1;
	classes = {
	};
	objectVersion = 46;
	objects = {

/* Begin PBXBuildFile section */
		7752A9D01CF588B1003B52BA /* AppDelegate.swift in Sources */ = {isa = PBXBuildFile; fileRef = 7752A9CF1CF588B1003B52BA /* AppDelegate.swift */; };
		7752A9D21CF588B1003B52BA /* ViewController.swift in Sources */ = {isa = PBXBuildFile; fileRef = 7752A9D11CF588B1003B52BA /* ViewController.swift */; };
		7752A9D51CF588B1003B52BA /* Main.storyboard in Resources */ = {isa = PBXBuildFile; fileRef = 7752A9D31CF588B1003B52BA /* Main.storyboard */; };
		7752A9D81CF588B1003B52BA /* Swift100Tips.xcdatamodeld in Sources */ = {isa = PBXBuildFile; fileRef = 7752A9D61CF588B1003B52BA /* Swift100Tips.xcdatamodeld */; };
		7752A9DA1CF588B1003B52BA /* Assets.xcassets in Resources */ = {isa = PBXBuildFile; fileRef = 7752A9D91CF588B1003B52BA /* Assets.xcassets */; };
		7752A9DD1CF588B1003B52BA /* LaunchScreen.storyboard in Resources */ = {isa = PBXBuildFile; fileRef = 7752A9DB1CF588B1003B52BA /* LaunchScreen.storyboard */; };
		7752A9E81CF588B2003B52BA /* Swift100TipsTests.swift in Sources */ = {isa = PBXBuildFile; fileRef = 7752A9E71CF588B2003B52BA /* Swift100TipsTests.swift */; };
		7752A9F31CF588B2003B52BA /* Swift100TipsUITests.swift in Sources */ = {isa = PBXBuildFile; fileRef = 7752A9F21CF588B2003B52BA /* Swift100TipsUITests.swift */; };
		7752AA021CF58977003B52BA /* CurryingController.swift in Sources */ = {isa = PBXBuildFile; fileRef = 7752AA011CF58977003B52BA /* CurryingController.swift */; };
		7752AA051CF5908D003B52BA /* StructMutableController.swift in Sources */ = {isa = PBXBuildFile; fileRef = 7752AA041CF5908D003B52BA /* StructMutableController.swift */; };
		7752AA081CF591F0003B52BA /* ProtocolMutatingController.swift in Sources */ = {isa = PBXBuildFile; fileRef = 7752AA071CF591F0003B52BA /* ProtocolMutatingController.swift */; };
		7752AA0B1CF592FF003B52BA /* SelectorController.swift in Sources */ = {isa = PBXBuildFile; fileRef = 7752AA0A1CF592FF003B52BA /* SelectorController.swift */; };
		7752AA0E1CF595AA003B52BA /* SequenceController.swift in Sources */ = {isa = PBXBuildFile; fileRef = 7752AA0D1CF595AA003B52BA /* SequenceController.swift */; };
		7752AA111CF5978E003B52BA /* TupleController.swift in Sources */ = {isa = PBXBuildFile; fileRef = 7752AA101CF5978E003B52BA /* TupleController.swift */; };
		7752AA141CF59B0A003B52BA /* AutoclosureController.swift in Sources */ = {isa = PBXBuildFile; fileRef = 7752AA131CF59B0A003B52BA /* AutoclosureController.swift */; };
		7752AA171CF5A055003B52BA /* OptionalChainingController.swift in Sources */ = {isa = PBXBuildFile; fileRef = 7752AA161CF5A055003B52BA /* OptionalChainingController.swift */; };
/* End PBXBuildFile section */

/* Begin PBXContainerItemProxy section */
		7752A9E41CF588B2003B52BA /* PBXContainerItemProxy */ = {
			isa = PBXContainerItemProxy;
			containerPortal = 7752A9C41CF588B1003B52BA /* Project object */;
			proxyType = 1;
			remoteGlobalIDString = 7752A9CB1CF588B1003B52BA;
			remoteInfo = Swift100Tips;
		};
		7752A9EF1CF588B2003B52BA /* PBXContainerItemProxy */ = {
			isa = PBXContainerItemProxy;
			containerPortal = 7752A9C41CF588B1003B52BA /* Project object */;
			proxyType = 1;
			remoteGlobalIDString = 7752A9CB1CF588B1003B52BA;
			remoteInfo = Swift100Tips;
		};
/* End PBXContainerItemProxy section */

/* Begin PBXFileReference section */
		7752A9CC1CF588B1003B52BA /* Swift100Tips.app */ = {isa = PBXFileReference; explicitFileType = wrapper.application; includeInIndex = 0; path = Swift100Tips.app; sourceTree = BUILT_PRODUCTS_DIR; };
		7752A9CF1CF588B1003B52BA /* AppDelegate.swift */ = {isa = PBXFileReference; lastKnownFileType = sourcecode.swift; path = AppDelegate.swift; sourceTree = "<group>"; };
		7752A9D11CF588B1003B52BA /* ViewController.swift */ = {isa = PBXFileReference; lastKnownFileType = sourcecode.swift; path = ViewController.swift; sourceTree = "<group>"; };
		7752A9D41CF588B1003B52BA /* Base */ = {isa = PBXFileReference; lastKnownFileType = file.storyboard; name = Base; path = Base.lproj/Main.storyboard; sourceTree = "<group>"; };
		7752A9D71CF588B1003B52BA /* Swift100Tips.xcdatamodel */ = {isa = PBXFileReference; lastKnownFileType = wrapper.xcdatamodel; path = Swift100Tips.xcdatamodel; sourceTree = "<group>"; };
		7752A9D91CF588B1003B52BA /* Assets.xcassets */ = {isa = PBXFileReference; lastKnownFileType = folder.assetcatalog; path = Assets.xcassets; sourceTree = "<group>"; };
		7752A9DC1CF588B1003B52BA /* Base */ = {isa = PBXFileReference; lastKnownFileType = file.storyboard; name = Base; path = Base.lproj/LaunchScreen.storyboard; sourceTree = "<group>"; };
		7752A9DE1CF588B1003B52BA /* Info.plist */ = {isa = PBXFileReference; lastKnownFileType = text.plist.xml; path = Info.plist; sourceTree = "<group>"; };
		7752A9E31CF588B2003B52BA /* Swift100TipsTests.xctest */ = {isa = PBXFileReference; explicitFileType = wrapper.cfbundle; includeInIndex = 0; path = Swift100TipsTests.xctest; sourceTree = BUILT_PRODUCTS_DIR; };
		7752A9E71CF588B2003B52BA /* Swift100TipsTests.swift */ = {isa = PBXFileReference; lastKnownFileType = sourcecode.swift; path = Swift100TipsTests.swift; sourceTree = "<group>"; };
		7752A9E91CF588B2003B52BA /* Info.plist */ = {isa = PBXFileReference; lastKnownFileType = text.plist.xml; path = Info.plist; sourceTree = "<group>"; };
		7752A9EE1CF588B2003B52BA /* Swift100TipsUITests.xctest */ = {isa = PBXFileReference; explicitFileType = wrapper.cfbundle; includeInIndex = 0; path = Swift100TipsUITests.xctest; sourceTree = BUILT_PRODUCTS_DIR; };
		7752A9F21CF588B2003B52BA /* Swift100TipsUITests.swift */ = {isa = PBXFileReference; lastKnownFileType = sourcecode.swift; path = Swift100TipsUITests.swift; sourceTree = "<group>"; };
		7752A9F41CF588B2003B52BA /* Info.plist */ = {isa = PBXFileReference; lastKnownFileType = text.plist.xml; path = Info.plist; sourceTree = "<group>"; };
		7752AA011CF58977003B52BA /* CurryingController.swift */ = {isa = PBXFileReference; fileEncoding = 4; lastKnownFileType = sourcecode.swift; path = CurryingController.swift; sourceTree = "<group>"; };
		7752AA041CF5908D003B52BA /* StructMutableController.swift */ = {isa = PBXFileReference; fileEncoding = 4; lastKnownFileType = sourcecode.swift; path = StructMutableController.swift; sourceTree = "<group>"; };
		7752AA071CF591F0003B52BA /* ProtocolMutatingController.swift */ = {isa = PBXFileReference; fileEncoding = 4; lastKnownFileType = sourcecode.swift; path = ProtocolMutatingController.swift; sourceTree = "<group>"; };
		7752AA0A1CF592FF003B52BA /* SelectorController.swift */ = {isa = PBXFileReference; fileEncoding = 4; lastKnownFileType = sourcecode.swift; path = SelectorController.swift; sourceTree = "<group>"; };
		7752AA0D1CF595AA003B52BA /* SequenceController.swift */ = {isa = PBXFileReference; fileEncoding = 4; lastKnownFileType = sourcecode.swift; path = SequenceController.swift; sourceTree = "<group>"; };
		7752AA101CF5978E003B52BA /* TupleController.swift */ = {isa = PBXFileReference; fileEncoding = 4; lastKnownFileType = sourcecode.swift; path = TupleController.swift; sourceTree = "<group>"; };
		7752AA131CF59B0A003B52BA /* AutoclosureController.swift */ = {isa = PBXFileReference; fileEncoding = 4; lastKnownFileType = sourcecode.swift; path = AutoclosureController.swift; sourceTree = "<group>"; };
		7752AA161CF5A055003B52BA /* OptionalChainingController.swift */ = {isa = PBXFileReference; fileEncoding = 4; lastKnownFileType = sourcecode.swift; path = OptionalChainingController.swift; sourceTree = "<group>"; };
/* End PBXFileReference section */

/* Begin PBXFrameworksBuildPhase section */
		7752A9C91CF588B1003B52BA /* Frameworks */ = {
			isa = PBXFrameworksBuildPhase;
			buildActionMask = 2147483647;
			files = (
			);
			runOnlyForDeploymentPostprocessing = 0;
		};
		7752A9E01CF588B2003B52BA /* Frameworks */ = {
			isa = PBXFrameworksBuildPhase;
			buildActionMask = 2147483647;
			files = (
			);
			runOnlyForDeploymentPostprocessing = 0;
		};
		7752A9EB1CF588B2003B52BA /* Frameworks */ = {
			isa = PBXFrameworksBuildPhase;
			buildActionMask = 2147483647;
			files = (
			);
			runOnlyForDeploymentPostprocessing = 0;
		};
/* End PBXFrameworksBuildPhase section */

/* Begin PBXGroup section */
		7752A9C31CF588B1003B52BA = {
			isa = PBXGroup;
			children = (
				7752A9CE1CF588B1003B52BA /* Swift100Tips */,
				7752A9E61CF588B2003B52BA /* Swift100TipsTests */,
				7752A9F11CF588B2003B52BA /* Swift100TipsUITests */,
				7752A9CD1CF588B1003B52BA /* Products */,
			);
			sourceTree = "<group>";
		};
		7752A9CD1CF588B1003B52BA /* Products */ = {
			isa = PBXGroup;
			children = (
				7752A9CC1CF588B1003B52BA /* Swift100Tips.app */,
				7752A9E31CF588B2003B52BA /* Swift100TipsTests.xctest */,
				7752A9EE1CF588B2003B52BA /* Swift100TipsUITests.xctest */,
			);
			name = Products;
			sourceTree = "<group>";
		};
		7752A9CE1CF588B1003B52BA /* Swift100Tips */ = {
			isa = PBXGroup;
			children = (
				7752AA151CF5A039003B52BA /* 8Optional Chaining */,
				7752AA121CF59AF7003B52BA /* 7autoclosure */,
				7752AA0F1CF59775003B52BA /* 6多元组 (Tuple) */,
				7752AA0C1CF59535003B52BA /* 5Sequence */,
				7752AA091CF592E9003B52BA /* 4Selector */,
				7752AA061CF591BA003B52BA /* 3将protocol的方法声明为mutating */,
				7752AA031CF59060003B52BA /* 2StructMutable的方法 */,
				7752AA001CF588FB003B52BA /* 1柯里化(Currying) */,
				7752A9CF1CF588B1003B52BA /* AppDelegate.swift */,
				7752A9D11CF588B1003B52BA /* ViewController.swift */,
				7752A9D31CF588B1003B52BA /* Main.storyboard */,
				7752A9D91CF588B1003B52BA /* Assets.xcassets */,
				7752A9DB1CF588B1003B52BA /* LaunchScreen.storyboard */,
				7752A9DE1CF588B1003B52BA /* Info.plist */,
				7752A9D61CF588B1003B52BA /* Swift100Tips.xcdatamodeld */,
			);
			path = Swift100Tips;
			sourceTree = "<group>";
		};
		7752A9E61CF588B2003B52BA /* Swift100TipsTests */ = {
			isa = PBXGroup;
			children = (
				7752A9E71CF588B2003B52BA /* Swift100TipsTests.swift */,
				7752A9E91CF588B2003B52BA /* Info.plist */,
			);
			path = Swift100TipsTests;
			sourceTree = "<group>";
		};
		7752A9F11CF588B2003B52BA /* Swift100TipsUITests */ = {
			isa = PBXGroup;
			children = (
				7752A9F21CF588B2003B52BA /* Swift100TipsUITests.swift */,
				7752A9F41CF588B2003B52BA /* Info.plist */,
			);
			path = Swift100TipsUITests;
			sourceTree = "<group>";
		};
		7752AA001CF588FB003B52BA /* 1柯里化(Currying) */ = {
			isa = PBXGroup;
			children = (
				7752AA011CF58977003B52BA /* CurryingController.swift */,
			);
			name = "1柯里化(Currying)";
			sourceTree = "<group>";
		};
		7752AA031CF59060003B52BA /* 2StructMutable的方法 */ = {
			isa = PBXGroup;
			children = (
				7752AA041CF5908D003B52BA /* StructMutableController.swift */,
			);
			name = "2StructMutable的方法";
			sourceTree = "<group>";
		};
		7752AA061CF591BA003B52BA /* 3将protocol的方法声明为mutating */ = {
			isa = PBXGroup;
			children = (
				7752AA071CF591F0003B52BA /* ProtocolMutatingController.swift */,
			);
			name = "3将protocol的方法声明为mutating";
			sourceTree = "<group>";
		};
		7752AA091CF592E9003B52BA /* 4Selector */ = {
			isa = PBXGroup;
			children = (
				7752AA0A1CF592FF003B52BA /* SelectorController.swift */,
			);
			name = 4Selector;
			sourceTree = "<group>";
		};
		7752AA0C1CF59535003B52BA /* 5Sequence */ = {
			isa = PBXGroup;
			children = (
				7752AA0D1CF595AA003B52BA /* SequenceController.swift */,
			);
			name = 5Sequence;
			sourceTree = "<group>";
		};
		7752AA0F1CF59775003B52BA /* 6多元组 (Tuple) */ = {
			isa = PBXGroup;
			children = (
				7752AA101CF5978E003B52BA /* TupleController.swift */,
			);
			name = "6多元组 (Tuple)";
			sourceTree = "<group>";
		};
		7752AA121CF59AF7003B52BA /* 7autoclosure */ = {
			isa = PBXGroup;
			children = (
				7752AA131CF59B0A003B52BA /* AutoclosureController.swift */,
			);
			name = 7autoclosure;
			sourceTree = "<group>";
		};
		7752AA151CF5A039003B52BA /* 8Optional Chaining */ = {
			isa = PBXGroup;
			children = (
				7752AA161CF5A055003B52BA /* OptionalChainingController.swift */,
			);
			name = "8Optional Chaining";
			sourceTree = "<group>";
		};
/* End PBXGroup section */

/* Begin PBXNativeTarget section */
		7752A9CB1CF588B1003B52BA /* Swift100Tips */ = {
			isa = PBXNativeTarget;
			buildConfigurationList = 7752A9F71CF588B2003B52BA /* Build configuration list for PBXNativeTarget "Swift100Tips" */;
			buildPhases = (
				7752A9C81CF588B1003B52BA /* Sources */,
				7752A9C91CF588B1003B52BA /* Frameworks */,
				7752A9CA1CF588B1003B52BA /* Resources */,
			);
			buildRules = (
			);
			dependencies = (
			);
			name = Swift100Tips;
			productName = Swift100Tips;
			productReference = 7752A9CC1CF588B1003B52BA /* Swift100Tips.app */;
			productType = "com.apple.product-type.application";
		};
		7752A9E21CF588B2003B52BA /* Swift100TipsTests */ = {
			isa = PBXNativeTarget;
			buildConfigurationList = 7752A9FA1CF588B2003B52BA /* Build configuration list for PBXNativeTarget "Swift100TipsTests" */;
			buildPhases = (
				7752A9DF1CF588B2003B52BA /* Sources */,
				7752A9E01CF588B2003B52BA /* Frameworks */,
				7752A9E11CF588B2003B52BA /* Resources */,
			);
			buildRules = (
			);
			dependencies = (
				7752A9E51CF588B2003B52BA /* PBXTargetDependency */,
			);
			name = Swift100TipsTests;
			productName = Swift100TipsTests;
			productReference = 7752A9E31CF588B2003B52BA /* Swift100TipsTests.xctest */;
			productType = "com.apple.product-type.bundle.unit-test";
		};
		7752A9ED1CF588B2003B52BA /* Swift100TipsUITests */ = {
			isa = PBXNativeTarget;
			buildConfigurationList = 7752A9FD1CF588B2003B52BA /* Build configuration list for PBXNativeTarget "Swift100TipsUITests" */;
			buildPhases = (
				7752A9EA1CF588B2003B52BA /* Sources */,
				7752A9EB1CF588B2003B52BA /* Frameworks */,
				7752A9EC1CF588B2003B52BA /* Resources */,
			);
			buildRules = (
			);
			dependencies = (
				7752A9F01CF588B2003B52BA /* PBXTargetDependency */,
			);
			name = Swift100TipsUITests;
			productName = Swift100TipsUITests;
			productReference = 7752A9EE1CF588B2003B52BA /* Swift100TipsUITests.xctest */;
			productType = "com.apple.product-type.bundle.ui-testing";
		};
/* End PBXNativeTarget section */

/* Begin PBXProject section */
		7752A9C41CF588B1003B52BA /* Project object */ = {
			isa = PBXProject;
			attributes = {
				LastSwiftUpdateCheck = 0720;
				LastUpgradeCheck = 0720;
				ORGANIZATIONNAME = ST;
				TargetAttributes = {
					7752A9CB1CF588B1003B52BA = {
						CreatedOnToolsVersion = 7.2.1;
						DevelopmentTeam = Z25J3BA353;
					};
					7752A9E21CF588B2003B52BA = {
						CreatedOnToolsVersion = 7.2.1;
						DevelopmentTeam = Z25J3BA353;
						TestTargetID = 7752A9CB1CF588B1003B52BA;
					};
					7752A9ED1CF588B2003B52BA = {
						CreatedOnToolsVersion = 7.2.1;
						DevelopmentTeam = Z25J3BA353;
						TestTargetID = 7752A9CB1CF588B1003B52BA;
					};
				};
			};
			buildConfigurationList = 7752A9C71CF588B1003B52BA /* Build configuration list for PBXProject "Swift100Tips" */;
			compatibilityVersion = "Xcode 3.2";
			developmentRegion = English;
			hasScannedForEncodings = 0;
			knownRegions = (
				en,
				Base,
			);
			mainGroup = 7752A9C31CF588B1003B52BA;
			productRefGroup = 7752A9CD1CF588B1003B52BA /* Products */;
			projectDirPath = "";
			projectRoot = "";
			targets = (
				7752A9CB1CF588B1003B52BA /* Swift100Tips */,
				7752A9E21CF588B2003B52BA /* Swift100TipsTests */,
				7752A9ED1CF588B2003B52BA /* Swift100TipsUITests */,
			);
		};
/* End PBXProject section */

/* Begin PBXResourcesBuildPhase section */
		7752A9CA1CF588B1003B52BA /* Resources */ = {
			isa = PBXResourcesBuildPhase;
			buildActionMask = 2147483647;
			files = (
				7752A9DD1CF588B1003B52BA /* LaunchScreen.storyboard in Resources */,
				7752A9DA1CF588B1003B52BA /* Assets.xcassets in Resources */,
				7752A9D51CF588B1003B52BA /* Main.storyboard in Resources */,
			);
			runOnlyForDeploymentPostprocessing = 0;
		};
		7752A9E11CF588B2003B52BA /* Resources */ = {
			isa = PBXResourcesBuildPhase;
			buildActionMask = 2147483647;
			files = (
			);
			runOnlyForDeploymentPostprocessing = 0;
		};
		7752A9EC1CF588B2003B52BA /* Resources */ = {
			isa = PBXResourcesBuildPhase;
			buildActionMask = 2147483647;
			files = (
			);
			runOnlyForDeploymentPostprocessing = 0;
		};
/* End PBXResourcesBuildPhase section */

/* Begin PBXSourcesBuildPhase section */
		7752A9C81CF588B1003B52BA /* Sources */ = {
			isa = PBXSourcesBuildPhase;
			buildActionMask = 2147483647;
			files = (
				7752AA0E1CF595AA003B52BA /* SequenceController.swift in Sources */,
				7752AA081CF591F0003B52BA /* ProtocolMutatingController.swift in Sources */,
				7752AA141CF59B0A003B52BA /* AutoclosureController.swift in Sources */,
				7752A9D21CF588B1003B52BA /* ViewController.swift in Sources */,
				7752AA111CF5978E003B52BA /* TupleController.swift in Sources */,
				7752A9D81CF588B1003B52BA /* Swift100Tips.xcdatamodeld in Sources */,
				7752AA021CF58977003B52BA /* CurryingController.swift in Sources */,
				7752AA051CF5908D003B52BA /* StructMutableController.swift in Sources */,
				7752AA0B1CF592FF003B52BA /* SelectorController.swift in Sources */,
				7752A9D01CF588B1003B52BA /* AppDelegate.swift in Sources */,
				7752AA171CF5A055003B52BA /* OptionalChainingController.swift in Sources */,
			);
			runOnlyForDeploymentPostprocessing = 0;
		};
		7752A9DF1CF588B2003B52BA /* Sources */ = {
			isa = PBXSourcesBuildPhase;
			buildActionMask = 2147483647;
			files = (
				7752A9E81CF588B2003B52BA /* Swift100TipsTests.swift in Sources */,
			);
			runOnlyForDeploymentPostprocessing = 0;
		};
		7752A9EA1CF588B2003B52BA /* Sources */ = {
			isa = PBXSourcesBuildPhase;
			buildActionMask = 2147483647;
			files = (
				7752A9F31CF588B2003B52BA /* Swift100TipsUITests.swift in Sources */,
			);
			runOnlyForDeploymentPostprocessing = 0;
		};
/* End PBXSourcesBuildPhase section */

/* Begin PBXTargetDependency section */
		7752A9E51CF588B2003B52BA /* PBXTargetDependency */ = {
			isa = PBXTargetDependency;
			target = 7752A9CB1CF588B1003B52BA /* Swift100Tips */;
			targetProxy = 7752A9E41CF588B2003B52BA /* PBXContainerItemProxy */;
		};
		7752A9F01CF588B2003B52BA /* PBXTargetDependency */ = {
			isa = PBXTargetDependency;
			target = 7752A9CB1CF588B1003B52BA /* Swift100Tips */;
			targetProxy = 7752A9EF1CF588B2003B52BA /* PBXContainerItemProxy */;
		};
/* End PBXTargetDependency section */

/* Begin PBXVariantGroup section */
		7752A9D31CF588B1003B52BA /* Main.storyboard */ = {
			isa = PBXVariantGroup;
			children = (
				7752A9D41CF588B1003B52BA /* Base */,
			);
			name = Main.storyboard;
			sourceTree = "<group>";
		};
		7752A9DB1CF588B1003B52BA /* LaunchScreen.storyboard */ = {
			isa = PBXVariantGroup;
			children = (
				7752A9DC1CF588B1003B52BA /* Base */,
			);
			name = LaunchScreen.storyboard;
			sourceTree = "<group>";
		};
/* End PBXVariantGroup section */

/* Begin XCBuildConfiguration section */
		7752A9F51CF588B2003B52BA /* Debug */ = {
			isa = XCBuildConfiguration;
			buildSettings = {
				ALWAYS_SEARCH_USER_PATHS = NO;
				CLANG_CXX_LANGUAGE_STANDARD = "gnu++0x";
				CLANG_CXX_LIBRARY = "libc++";
				CLANG_ENABLE_MODULES = YES;
				CLANG_ENABLE_OBJC_ARC = YES;
				CLANG_WARN_BOOL_CONVERSION = YES;
				CLANG_WARN_CONSTANT_CONVERSION = YES;
				CLANG_WARN_DIRECT_OBJC_ISA_USAGE = YES_ERROR;
				CLANG_WARN_EMPTY_BODY = YES;
				CLANG_WARN_ENUM_CONVERSION = YES;
				CLANG_WARN_INT_CONVERSION = YES;
				CLANG_WARN_OBJC_ROOT_CLASS = YES_ERROR;
				CLANG_WARN_UNREACHABLE_CODE = YES;
				CLANG_WARN__DUPLICATE_METHOD_MATCH = YES;
				"CODE_SIGN_IDENTITY[sdk=iphoneos*]" = "iPhone Developer";
				COPY_PHASE_STRIP = NO;
				DEBUG_INFORMATION_FORMAT = dwarf;
				ENABLE_STRICT_OBJC_MSGSEND = YES;
				ENABLE_TESTABILITY = YES;
				GCC_C_LANGUAGE_STANDARD = gnu99;
				GCC_DYNAMIC_NO_PIC = NO;
				GCC_NO_COMMON_BLOCKS = YES;
				GCC_OPTIMIZATION_LEVEL = 0;
				GCC_PREPROCESSOR_DEFINITIONS = (
					"DEBUG=1",
					"$(inherited)",
				);
				GCC_WARN_64_TO_32_BIT_CONVERSION = YES;
				GCC_WARN_ABOUT_RETURN_TYPE = YES_ERROR;
				GCC_WARN_UNDECLARED_SELECTOR = YES;
				GCC_WARN_UNINITIALIZED_AUTOS = YES_AGGRESSIVE;
				GCC_WARN_UNUSED_FUNCTION = YES;
				GCC_WARN_UNUSED_VARIABLE = YES;
				IPHONEOS_DEPLOYMENT_TARGET = 9.2;
				MTL_ENABLE_DEBUG_INFO = YES;
				ONLY_ACTIVE_ARCH = YES;
				SDKROOT = iphoneos;
				SWIFT_OPTIMIZATION_LEVEL = "-Onone";
			};
			name = Debug;
		};
		7752A9F61CF588B2003B52BA /* Release */ = {
			isa = XCBuildConfiguration;
			buildSettings = {
				ALWAYS_SEARCH_USER_PATHS = NO;
				CLANG_CXX_LANGUAGE_STANDARD = "gnu++0x";
				CLANG_CXX_LIBRARY = "libc++";
				CLANG_ENABLE_MODULES = YES;
				CLANG_ENABLE_OBJC_ARC = YES;
				CLANG_WARN_BOOL_CONVERSION = YES;
				CLANG_WARN_CONSTANT_CONVERSION = YES;
				CLANG_WARN_DIRECT_OBJC_ISA_USAGE = YES_ERROR;
				CLANG_WARN_EMPTY_BODY = YES;
				CLANG_WARN_ENUM_CONVERSION = YES;
				CLANG_WARN_INT_CONVERSION = YES;
				CLANG_WARN_OBJC_ROOT_CLASS = YES_ERROR;
				CLANG_WARN_UNREACHABLE_CODE = YES;
				CLANG_WARN__DUPLICATE_METHOD_MATCH = YES;
				"CODE_SIGN_IDENTITY[sdk=iphoneos*]" = "iPhone Developer";
				COPY_PHASE_STRIP = NO;
				DEBUG_INFORMATION_FORMAT = "dwarf-with-dsym";
				ENABLE_NS_ASSERTIONS = NO;
				ENABLE_STRICT_OBJC_MSGSEND = YES;
				GCC_C_LANGUAGE_STANDARD = gnu99;
				GCC_NO_COMMON_BLOCKS = YES;
				GCC_WARN_64_TO_32_BIT_CONVERSION = YES;
				GCC_WARN_ABOUT_RETURN_TYPE = YES_ERROR;
				GCC_WARN_UNDECLARED_SELECTOR = YES;
				GCC_WARN_UNINITIALIZED_AUTOS = YES_AGGRESSIVE;
				GCC_WARN_UNUSED_FUNCTION = YES;
				GCC_WARN_UNUSED_VARIABLE = YES;
				IPHONEOS_DEPLOYMENT_TARGET = 9.2;
				MTL_ENABLE_DEBUG_INFO = NO;
				SDKROOT = iphoneos;
				VALIDATE_PRODUCT = YES;
			};
			name = Release;
		};
		7752A9F81CF588B2003B52BA /* Debug */ = {
			isa = XCBuildConfiguration;
			buildSettings = {
				ASSETCATALOG_COMPILER_APPICON_NAME = AppIcon;
				INFOPLIST_FILE = Swift100Tips/Info.plist;
				LD_RUNPATH_SEARCH_PATHS = "$(inherited) @executable_path/Frameworks";
				PRODUCT_BUNDLE_IDENTIFIER = com.ST.Swift100Tips;
				PRODUCT_NAME = "$(TARGET_NAME)";
			};
			name = Debug;
		};
		7752A9F91CF588B2003B52BA /* Release */ = {
			isa = XCBuildConfiguration;
			buildSettings = {
				ASSETCATALOG_COMPILER_APPICON_NAME = AppIcon;
				INFOPLIST_FILE = Swift100Tips/Info.plist;
				LD_RUNPATH_SEARCH_PATHS = "$(inherited) @executable_path/Frameworks";
				PRODUCT_BUNDLE_IDENTIFIER = com.ST.Swift100Tips;
				PRODUCT_NAME = "$(TARGET_NAME)";
			};
			name = Release;
		};
		7752A9FB1CF588B2003B52BA /* Debug */ = {
			isa = XCBuildConfiguration;
			buildSettings = {
				BUNDLE_LOADER = "$(TEST_HOST)";
				INFOPLIST_FILE = Swift100TipsTests/Info.plist;
				LD_RUNPATH_SEARCH_PATHS = "$(inherited) @executable_path/Frameworks @loader_path/Frameworks";
				PRODUCT_BUNDLE_IDENTIFIER = com.ST.Swift100TipsTests;
				PRODUCT_NAME = "$(TARGET_NAME)";
				TEST_HOST = "$(BUILT_PRODUCTS_DIR)/Swift100Tips.app/Swift100Tips";
			};
			name = Debug;
		};
		7752A9FC1CF588B2003B52BA /* Release */ = {
			isa = XCBuildConfiguration;
			buildSettings = {
				BUNDLE_LOADER = "$(TEST_HOST)";
				INFOPLIST_FILE = Swift100TipsTests/Info.plist;
				LD_RUNPATH_SEARCH_PATHS = "$(inherited) @executable_path/Frameworks @loader_path/Frameworks";
				PRODUCT_BUNDLE_IDENTIFIER = com.ST.Swift100TipsTests;
				PRODUCT_NAME = "$(TARGET_NAME)";
				TEST_HOST = "$(BUILT_PRODUCTS_DIR)/Swift100Tips.app/Swift100Tips";
			};
			name = Release;
		};
		7752A9FE1CF588B2003B52BA /* Debug */ = {
			isa = XCBuildConfiguration;
			buildSettings = {
				INFOPLIST_FILE = Swift100TipsUITests/Info.plist;
				LD_RUNPATH_SEARCH_PATHS = "$(inherited) @executable_path/Frameworks @loader_path/Frameworks";
				PRODUCT_BUNDLE_IDENTIFIER = com.ST.Swift100TipsUITests;
				PRODUCT_NAME = "$(TARGET_NAME)";
				TEST_TARGET_NAME = Swift100Tips;
				USES_XCTRUNNER = YES;
			};
			name = Debug;
		};
		7752A9FF1CF588B2003B52BA /* Release */ = {
			isa = XCBuildConfiguration;
			buildSettings = {
				INFOPLIST_FILE = Swift100TipsUITests/Info.plist;
				LD_RUNPATH_SEARCH_PATHS = "$(inherited) @executable_path/Frameworks @loader_path/Frameworks";
				PRODUCT_BUNDLE_IDENTIFIER = com.ST.Swift100TipsUITests;
				PRODUCT_NAME = "$(TARGET_NAME)";
				TEST_TARGET_NAME = Swift100Tips;
				USES_XCTRUNNER = YES;
			};
			name = Release;
		};
/* End XCBuildConfiguration section */

/* Begin XCConfigurationList section */
		7752A9C71CF588B1003B52BA /* Build configuration list for PBXProject "Swift100Tips" */ = {
			isa = XCConfigurationList;
			buildConfigurations = (
				7752A9F51CF588B2003B52BA /* Debug */,
				7752A9F61CF588B2003B52BA /* Release */,
			);
			defaultConfigurationIsVisible = 0;
			defaultConfigurationName = Release;
		};
		7752A9F71CF588B2003B52BA /* Build configuration list for PBXNativeTarget "Swift100Tips" */ = {
			isa = XCConfigurationList;
			buildConfigurations = (
				7752A9F81CF588B2003B52BA /* Debug */,
				7752A9F91CF588B2003B52BA /* Release */,
			);
			defaultConfigurationIsVisible = 0;
		};
		7752A9FA1CF588B2003B52BA /* Build configuration list for PBXNativeTarget "Swift100TipsTests" */ = {
			isa = XCConfigurationList;
			buildConfigurations = (
				7752A9FB1CF588B2003B52BA /* Debug */,
				7752A9FC1CF588B2003B52BA /* Release */,
			);
			defaultConfigurationIsVisible = 0;
		};
		7752A9FD1CF588B2003B52BA /* Build configuration list for PBXNativeTarget "Swift100TipsUITests" */ = {
			isa = XCConfigurationList;
			buildConfigurations = (
				7752A9FE1CF588B2003B52BA /* Debug */,
				7752A9FF1CF588B2003B52BA /* Release */,
			);
			defaultConfigurationIsVisible = 0;
		};
/* End XCConfigurationList section */

/* Begin XCVersionGroup section */
		7752A9D61CF588B1003B52BA /* Swift100Tips.xcdatamodeld */ = {
			isa = XCVersionGroup;
			children = (
				7752A9D71CF588B1003B52BA /* Swift100Tips.xcdatamodel */,
			);
			currentVersion = 7752A9D71CF588B1003B52BA /* Swift100Tips.xcdatamodel */;
			path = Swift100Tips.xcdatamodeld;
			sourceTree = "<group>";
			versionGroupType = wrapper.xcdatamodel;
		};
/* End XCVersionGroup section */
	};
	rootObject = 7752A9C41CF588B1003B52BA /* Project object */;
}
